// !$*UTF8*$!
{
	archiveVersion = 1;
	classes = {
	};
	objectVersion = 48;
	objects = {

/* Begin PBXBuildFile section */
		6135E0F4A833755B2BCAA7A3 /* case_insensitive_map.cpp in Sources */ = {isa = PBXBuildFile; fileRef = 6135EE020116A5AAD26F3533 /* case_insensitive_map.cpp */; };
		6135E438D3BD009B06FAD4FE /* char_array.cpp in Sources */ = {isa = PBXBuildFile; fileRef = 6135EE04C9CD540286C2F288 /* char_array.cpp */; };
		6135E548D2903E56BAE7863D /* log.cpp in Sources */ = {isa = PBXBuildFile; fileRef = 6135E268039E3FF33F1CAC27 /* log.cpp */; };
		6135E635DFA9CE3FE898B8D4 /* uv_wrapper.cpp in Sources */ = {isa = PBXBuildFile; fileRef = 6135E2A0832EA6891E99CE15 /* uv_wrapper.cpp */; };
		6135E7ACAAFA26C0779BA691 /* local_proxy.cpp in Sources */ = {isa = PBXBuildFile; fileRef = 6135E8DC9C579ED31D682F4C /* local_proxy.cpp */; };
		6135EF0C82C54E698B5C34C8 /* ssl_shake.cpp in Sources */ = {isa = PBXBuildFile; fileRef = 6135EA899F938C6BEC03B292 /* ssl_shake.cpp */; };
		E342FD561FB33CEE00BA7AC1 /* inflate.c in Sources */ = {isa = PBXBuildFile; fileRef = E342FD421FB33CED00BA7AC1 /* inflate.c */; };
		E342FD571FB33CEE00BA7AC1 /* zlib.3.pdf in Resources */ = {isa = PBXBuildFile; fileRef = E342FD431FB33CED00BA7AC1 /* zlib.3.pdf */; };
		E342FD581FB33CEE00BA7AC1 /* compress.c in Sources */ = {isa = PBXBuildFile; fileRef = E342FD441FB33CED00BA7AC1 /* compress.c */; };
		E342FD591FB33CEE00BA7AC1 /* deflate.c in Sources */ = {isa = PBXBuildFile; fileRef = E342FD451FB33CED00BA7AC1 /* deflate.c */; };
		E342FD5A1FB33CEE00BA7AC1 /* crc32.c in Sources */ = {isa = PBXBuildFile; fileRef = E342FD491FB33CED00BA7AC1 /* crc32.c */; };
		E342FD5B1FB33CEE00BA7AC1 /* infback.c in Sources */ = {isa = PBXBuildFile; fileRef = E342FD4A1FB33CED00BA7AC1 /* infback.c */; };
		E342FD5C1FB33CEE00BA7AC1 /* zutil.c in Sources */ = {isa = PBXBuildFile; fileRef = E342FD4B1FB33CED00BA7AC1 /* zutil.c */; };
		E342FD5D1FB33CEE00BA7AC1 /* inftrees.c in Sources */ = {isa = PBXBuildFile; fileRef = E342FD4F1FB33CED00BA7AC1 /* inftrees.c */; };
		E342FD5E1FB33CEE00BA7AC1 /* uncompr.c in Sources */ = {isa = PBXBuildFile; fileRef = E342FD501FB33CED00BA7AC1 /* uncompr.c */; };
		E342FD5F1FB33CEE00BA7AC1 /* trees.c in Sources */ = {isa = PBXBuildFile; fileRef = E342FD511FB33CED00BA7AC1 /* trees.c */; };
		E342FD601FB33CEE00BA7AC1 /* inffast.c in Sources */ = {isa = PBXBuildFile; fileRef = E342FD531FB33CED00BA7AC1 /* inffast.c */; };
		E342FD611FB33CEE00BA7AC1 /* adler32.c in Sources */ = {isa = PBXBuildFile; fileRef = E342FD541FB33CED00BA7AC1 /* adler32.c */; };
		E342FD641FB33D2500BA7AC1 /* zlib_wrap.cpp in Sources */ = {isa = PBXBuildFile; fileRef = E342FD621FB33D2500BA7AC1 /* zlib_wrap.cpp */; };
		E37546791FE152BE00CEA11C /* libcrypto.a in Frameworks */ = {isa = PBXBuildFile; fileRef = E37546771FE152BE00CEA11C /* libcrypto.a */; };
		E375467A1FE152BE00CEA11C /* libssl.a in Frameworks */ = {isa = PBXBuildFile; fileRef = E37546781FE152BE00CEA11C /* libssl.a */; };
		E375467C1FE152F100CEA11C /* libboost_system.a in Frameworks */ = {isa = PBXBuildFile; fileRef = E375467B1FE152F100CEA11C /* libboost_system.a */; };
		E375469F1FE1555800CEA11C /* libboost_wserialization.a in Frameworks */ = {isa = PBXBuildFile; fileRef = E375467D1FE1555700CEA11C /* libboost_wserialization.a */; };
		E37546A01FE1555800CEA11C /* libboost_math_c99.a in Frameworks */ = {isa = PBXBuildFile; fileRef = E375467E1FE1555700CEA11C /* libboost_math_c99.a */; };
		E37546A11FE1555800CEA11C /* libboost_container.a in Frameworks */ = {isa = PBXBuildFile; fileRef = E375467F1FE1555700CEA11C /* libboost_container.a */; };
		E37546A21FE1555800CEA11C /* libboost_filesystem.a in Frameworks */ = {isa = PBXBuildFile; fileRef = E37546801FE1555800CEA11C /* libboost_filesystem.a */; };
		E37546A31FE1555800CEA11C /* libboost_math_c99f.a in Frameworks */ = {isa = PBXBuildFile; fileRef = E37546811FE1555800CEA11C /* libboost_math_c99f.a */; };
		E37546A41FE1555800CEA11C /* libboost_signals.a in Frameworks */ = {isa = PBXBuildFile; fileRef = E37546821FE1555800CEA11C /* libboost_signals.a */; };
		E37546A51FE1555800CEA11C /* libboost_math_c99l.a in Frameworks */ = {isa = PBXBuildFile; fileRef = E37546831FE1555800CEA11C /* libboost_math_c99l.a */; };
		E37546A61FE1555800CEA11C /* libboost_atomic.a in Frameworks */ = {isa = PBXBuildFile; fileRef = E37546841FE1555800CEA11C /* libboost_atomic.a */; };
		E37546A71FE1555800CEA11C /* libboost_graph.a in Frameworks */ = {isa = PBXBuildFile; fileRef = E37546851FE1555800CEA11C /* libboost_graph.a */; };
		E37546A81FE1555800CEA11C /* libboost_numpy.a in Frameworks */ = {isa = PBXBuildFile; fileRef = E37546861FE1555800CEA11C /* libboost_numpy.a */; };
		E37546A91FE1555900CEA11C /* libboost_prg_exec_monitor.a in Frameworks */ = {isa = PBXBuildFile; fileRef = E37546871FE1555800CEA11C /* libboost_prg_exec_monitor.a */; };
		E37546AA1FE1555900CEA11C /* libboost_wave.a in Frameworks */ = {isa = PBXBuildFile; fileRef = E37546881FE1555800CEA11C /* libboost_wave.a */; };
		E37546AB1FE1555900CEA11C /* libboost_math_tr1.a in Frameworks */ = {isa = PBXBuildFile; fileRef = E37546891FE1555800CEA11C /* libboost_math_tr1.a */; };
		E37546AC1FE1555900CEA11C /* libboost_serialization.a in Frameworks */ = {isa = PBXBuildFile; fileRef = E375468A1FE1555800CEA11C /* libboost_serialization.a */; };
		E37546AD1FE1555900CEA11C /* libboost_timer.a in Frameworks */ = {isa = PBXBuildFile; fileRef = E375468B1FE1555800CEA11C /* libboost_timer.a */; };
		E37546AE1FE1555900CEA11C /* libboost_log_setup.a in Frameworks */ = {isa = PBXBuildFile; fileRef = E375468C1FE1555800CEA11C /* libboost_log_setup.a */; };
		E37546AF1FE1555900CEA11C /* libboost_coroutine.a in Frameworks */ = {isa = PBXBuildFile; fileRef = E375468D1FE1555800CEA11C /* libboost_coroutine.a */; };
		E37546B01FE1555900CEA11C /* libboost_exception.a in Frameworks */ = {isa = PBXBuildFile; fileRef = E375468E1FE1555800CEA11C /* libboost_exception.a */; };
		E37546B11FE1555900CEA11C /* libboost_math_tr1l.a in Frameworks */ = {isa = PBXBuildFile; fileRef = E375468F1FE1555800CEA11C /* libboost_math_tr1l.a */; };
		E37546B21FE1555900CEA11C /* libboost_test_exec_monitor.a in Frameworks */ = {isa = PBXBuildFile; fileRef = E37546901FE1555800CEA11C /* libboost_test_exec_monitor.a */; };
		E37546B31FE1555900CEA11C /* libboost_unit_test_framework.a in Frameworks */ = {isa = PBXBuildFile; fileRef = E37546911FE1555800CEA11C /* libboost_unit_test_framework.a */; };
		E37546B41FE1555900CEA11C /* libboost_chrono.a in Frameworks */ = {isa = PBXBuildFile; fileRef = E37546921FE1555800CEA11C /* libboost_chrono.a */; };
		E37546B51FE1555900CEA11C /* libboost_date_time.a in Frameworks */ = {isa = PBXBuildFile; fileRef = E37546931FE1555800CEA11C /* libboost_date_time.a */; };
		E37546B61FE1555900CEA11C /* libboost_python.a in Frameworks */ = {isa = PBXBuildFile; fileRef = E37546941FE1555800CEA11C /* libboost_python.a */; };
		E37546B71FE1555900CEA11C /* libboost_random.a in Frameworks */ = {isa = PBXBuildFile; fileRef = E37546951FE1555800CEA11C /* libboost_random.a */; };
		E37546B81FE1555900CEA11C /* libboost_iostreams.a in Frameworks */ = {isa = PBXBuildFile; fileRef = E37546961FE1555800CEA11C /* libboost_iostreams.a */; };
		E37546B91FE1555900CEA11C /* libboost_program_options.a in Frameworks */ = {isa = PBXBuildFile; fileRef = E37546971FE1555800CEA11C /* libboost_program_options.a */; };
		E37546BA1FE1555900CEA11C /* libboost_regex.a in Frameworks */ = {isa = PBXBuildFile; fileRef = E37546981FE1555800CEA11C /* libboost_regex.a */; };
		E37546BB1FE1555900CEA11C /* libboost_log.a in Frameworks */ = {isa = PBXBuildFile; fileRef = E37546991FE1555800CEA11C /* libboost_log.a */; };
		E37546BC1FE1555900CEA11C /* libboost_thread.a in Frameworks */ = {isa = PBXBuildFile; fileRef = E375469A1FE1555800CEA11C /* libboost_thread.a */; };
		E37546BD1FE1555900CEA11C /* libboost_math_tr1f.a in Frameworks */ = {isa = PBXBuildFile; fileRef = E375469B1FE1555800CEA11C /* libboost_math_tr1f.a */; };
		E37546BE1FE1555900CEA11C /* libboost_type_erasure.a in Frameworks */ = {isa = PBXBuildFile; fileRef = E375469C1FE1555800CEA11C /* libboost_type_erasure.a */; };
		E37546BF1FE1555900CEA11C /* libboost_context.a in Frameworks */ = {isa = PBXBuildFile; fileRef = E375469D1FE1555800CEA11C /* libboost_context.a */; };
		E37546C01FE1555900CEA11C /* libboost_locale.a in Frameworks */ = {isa = PBXBuildFile; fileRef = E375469E1FE1555800CEA11C /* libboost_locale.a */; };
		E3786C741F98A13A00AD5C88 /* common_callback.cpp in Sources */ = {isa = PBXBuildFile; fileRef = E3786C721F98A13A00AD5C88 /* common_callback.cpp */; };
		E385F3FC1F973D5B00E26281 /* AppDelegate.m in Sources */ = {isa = PBXBuildFile; fileRef = E385F3FB1F973D5B00E26281 /* AppDelegate.m */; };
		E385F3FF1F973D5B00E26281 /* ViewController.mm in Sources */ = {isa = PBXBuildFile; fileRef = E385F3FE1F973D5B00E26281 /* ViewController.mm */; };
		E385F4011F973D5B00E26281 /* Assets.xcassets in Resources */ = {isa = PBXBuildFile; fileRef = E385F4001F973D5B00E26281 /* Assets.xcassets */; };
		E385F4041F973D5B00E26281 /* Main.storyboard in Resources */ = {isa = PBXBuildFile; fileRef = E385F4021F973D5B00E26281 /* Main.storyboard */; };
		E385F4071F973D5B00E26281 /* main.m in Sources */ = {isa = PBXBuildFile; fileRef = E385F4061F973D5B00E26281 /* main.m */; };
		E385F50E1F97408700E26281 /* libuv.a in Frameworks */ = {isa = PBXBuildFile; fileRef = E385F4F81F97407200E26281 /* libuv.a */; };
		E39A09D91F9CE60900962656 /* string_parser.cpp in Sources */ = {isa = PBXBuildFile; fileRef = E39A09D71F9CE60900962656 /* string_parser.cpp */; };
		E3CB49E61FD4579E001EAE67 /* libcpprest.dylib in Frameworks */ = {isa = PBXBuildFile; fileRef = E3CB49E51FD4579E001EAE67 /* libcpprest.dylib */; };
		E3CB4A141FD457F4001EAE67 /* http_constants.dat in Resources */ = {isa = PBXBuildFile; fileRef = E3CB49F21FD457F4001EAE67 /* http_constants.dat */; };
		E3FA31351F9C61FD00DC851D /* ahttp.cpp in Sources */ = {isa = PBXBuildFile; fileRef = E3FA31331F9C61FD00DC851D /* ahttp.cpp */; };
/* End PBXBuildFile section */

/* Begin PBXFileReference section */
		6135E11C7ED4983B3CCCE153 /* log.h */ = {isa = PBXFileReference; fileEncoding = 4; lastKnownFileType = sourcecode.c.h; path = log.h; sourceTree = "<group>"; };
		6135E268039E3FF33F1CAC27 /* log.cpp */ = {isa = PBXFileReference; fileEncoding = 4; lastKnownFileType = sourcecode.cpp.cpp; path = log.cpp; sourceTree = "<group>"; };
		6135E2A0832EA6891E99CE15 /* uv_wrapper.cpp */ = {isa = PBXFileReference; fileEncoding = 4; lastKnownFileType = sourcecode.cpp.cpp; path = uv_wrapper.cpp; sourceTree = "<group>"; };
		6135E6B9D46676ED51DB9239 /* char_array.h */ = {isa = PBXFileReference; fileEncoding = 4; lastKnownFileType = sourcecode.c.h; path = char_array.h; sourceTree = "<group>"; };
		6135E704B9E6706E0E22DE95 /* ssl_shake.h */ = {isa = PBXFileReference; fileEncoding = 4; lastKnownFileType = sourcecode.c.h; path = ssl_shake.h; sourceTree = "<group>"; };
		6135E8DC9C579ED31D682F4C /* local_proxy.cpp */ = {isa = PBXFileReference; fileEncoding = 4; lastKnownFileType = sourcecode.cpp.cpp; path = local_proxy.cpp; sourceTree = "<group>"; };
		6135EA899F938C6BEC03B292 /* ssl_shake.cpp */ = {isa = PBXFileReference; fileEncoding = 4; lastKnownFileType = sourcecode.cpp.cpp; path = ssl_shake.cpp; sourceTree = "<group>"; };
		6135EB09B375364286978DDA /* local_proxy.h */ = {isa = PBXFileReference; fileEncoding = 4; lastKnownFileType = sourcecode.c.h; path = local_proxy.h; sourceTree = "<group>"; };
		6135ED990020EBC50E9A141E /* case_insensitive_map.h */ = {isa = PBXFileReference; fileEncoding = 4; lastKnownFileType = sourcecode.c.h; path = case_insensitive_map.h; sourceTree = "<group>"; };
		6135EDBBFE73664E8A225FBF /* uv_wrapper.hpp */ = {isa = PBXFileReference; fileEncoding = 4; lastKnownFileType = sourcecode.cpp.h; path = uv_wrapper.hpp; sourceTree = "<group>"; };
		6135EE020116A5AAD26F3533 /* case_insensitive_map.cpp */ = {isa = PBXFileReference; fileEncoding = 4; lastKnownFileType = sourcecode.cpp.cpp; path = case_insensitive_map.cpp; sourceTree = "<group>"; };
		6135EE04C9CD540286C2F288 /* char_array.cpp */ = {isa = PBXFileReference; fileEncoding = 4; lastKnownFileType = sourcecode.cpp.cpp; path = char_array.cpp; sourceTree = "<group>"; };
		6135EE2631038C7B62738550 /* tri_bool.h */ = {isa = PBXFileReference; fileEncoding = 4; lastKnownFileType = sourcecode.c.h; path = tri_bool.h; sourceTree = "<group>"; };
		E342FD401FB33CED00BA7AC1 /* zutil.h */ = {isa = PBXFileReference; fileEncoding = 4; lastKnownFileType = sourcecode.c.h; path = zutil.h; sourceTree = "<group>"; };
		E342FD411FB33CED00BA7AC1 /* inftrees.h */ = {isa = PBXFileReference; fileEncoding = 4; lastKnownFileType = sourcecode.c.h; path = inftrees.h; sourceTree = "<group>"; };
		E342FD421FB33CED00BA7AC1 /* inflate.c */ = {isa = PBXFileReference; fileEncoding = 4; lastKnownFileType = sourcecode.c.c; path = inflate.c; sourceTree = "<group>"; };
		E342FD431FB33CED00BA7AC1 /* zlib.3.pdf */ = {isa = PBXFileReference; lastKnownFileType = image.pdf; path = zlib.3.pdf; sourceTree = "<group>"; };
		E342FD441FB33CED00BA7AC1 /* compress.c */ = {isa = PBXFileReference; fileEncoding = 4; lastKnownFileType = sourcecode.c.c; path = compress.c; sourceTree = "<group>"; };
		E342FD451FB33CED00BA7AC1 /* deflate.c */ = {isa = PBXFileReference; fileEncoding = 4; lastKnownFileType = sourcecode.c.c; path = deflate.c; sourceTree = "<group>"; };
		E342FD461FB33CED00BA7AC1 /* inffixed.h */ = {isa = PBXFileReference; fileEncoding = 4; lastKnownFileType = sourcecode.c.h; path = inffixed.h; sourceTree = "<group>"; };
		E342FD471FB33CED00BA7AC1 /* trees.h */ = {isa = PBXFileReference; fileEncoding = 4; lastKnownFileType = sourcecode.c.h; path = trees.h; sourceTree = "<group>"; };
		E342FD481FB33CED00BA7AC1 /* inffast.h */ = {isa = PBXFileReference; fileEncoding = 4; lastKnownFileType = sourcecode.c.h; path = inffast.h; sourceTree = "<group>"; };
		E342FD491FB33CED00BA7AC1 /* crc32.c */ = {isa = PBXFileReference; fileEncoding = 4; lastKnownFileType = sourcecode.c.c; path = crc32.c; sourceTree = "<group>"; };
		E342FD4A1FB33CED00BA7AC1 /* infback.c */ = {isa = PBXFileReference; fileEncoding = 4; lastKnownFileType = sourcecode.c.c; path = infback.c; sourceTree = "<group>"; };
		E342FD4B1FB33CED00BA7AC1 /* zutil.c */ = {isa = PBXFileReference; fileEncoding = 4; lastKnownFileType = sourcecode.c.c; path = zutil.c; sourceTree = "<group>"; };
		E342FD4C1FB33CED00BA7AC1 /* deflate.h */ = {isa = PBXFileReference; fileEncoding = 4; lastKnownFileType = sourcecode.c.h; path = deflate.h; sourceTree = "<group>"; };
		E342FD4D1FB33CED00BA7AC1 /* zlib.h */ = {isa = PBXFileReference; fileEncoding = 4; lastKnownFileType = sourcecode.c.h; path = zlib.h; sourceTree = "<group>"; };
		E342FD4E1FB33CED00BA7AC1 /* inflate.h */ = {isa = PBXFileReference; fileEncoding = 4; lastKnownFileType = sourcecode.c.h; path = inflate.h; sourceTree = "<group>"; };
		E342FD4F1FB33CED00BA7AC1 /* inftrees.c */ = {isa = PBXFileReference; fileEncoding = 4; lastKnownFileType = sourcecode.c.c; path = inftrees.c; sourceTree = "<group>"; };
		E342FD501FB33CED00BA7AC1 /* uncompr.c */ = {isa = PBXFileReference; fileEncoding = 4; lastKnownFileType = sourcecode.c.c; path = uncompr.c; sourceTree = "<group>"; };
		E342FD511FB33CED00BA7AC1 /* trees.c */ = {isa = PBXFileReference; fileEncoding = 4; lastKnownFileType = sourcecode.c.c; path = trees.c; sourceTree = "<group>"; };
		E342FD521FB33CED00BA7AC1 /* crc32.h */ = {isa = PBXFileReference; fileEncoding = 4; lastKnownFileType = sourcecode.c.h; path = crc32.h; sourceTree = "<group>"; };
		E342FD531FB33CED00BA7AC1 /* inffast.c */ = {isa = PBXFileReference; fileEncoding = 4; lastKnownFileType = sourcecode.c.c; path = inffast.c; sourceTree = "<group>"; };
		E342FD541FB33CED00BA7AC1 /* adler32.c */ = {isa = PBXFileReference; fileEncoding = 4; lastKnownFileType = sourcecode.c.c; path = adler32.c; sourceTree = "<group>"; };
		E342FD551FB33CED00BA7AC1 /* zconf.h */ = {isa = PBXFileReference; fileEncoding = 4; lastKnownFileType = sourcecode.c.h; path = zconf.h; sourceTree = "<group>"; };
		E342FD621FB33D2500BA7AC1 /* zlib_wrap.cpp */ = {isa = PBXFileReference; lastKnownFileType = sourcecode.cpp.cpp; path = zlib_wrap.cpp; sourceTree = "<group>"; };
		E342FD631FB33D2500BA7AC1 /* zlib_wrap.hpp */ = {isa = PBXFileReference; lastKnownFileType = sourcecode.cpp.h; path = zlib_wrap.hpp; sourceTree = "<group>"; };
		E37546771FE152BE00CEA11C /* libcrypto.a */ = {isa = PBXFileReference; lastKnownFileType = archive.ar; name = libcrypto.a; path = ../../../../../usr/local/Cellar/openssl/1.0.2m/lib/libcrypto.a; sourceTree = "<group>"; };
		E37546781FE152BE00CEA11C /* libssl.a */ = {isa = PBXFileReference; lastKnownFileType = archive.ar; name = libssl.a; path = ../../../../../usr/local/Cellar/openssl/1.0.2m/lib/libssl.a; sourceTree = "<group>"; };
		E375467B1FE152F100CEA11C /* libboost_system.a */ = {isa = PBXFileReference; lastKnownFileType = archive.ar; name = libboost_system.a; path = ../../plan9/3rd/boost_1_63_0/lib/libboost_system.a; sourceTree = "<group>"; };
		E375467D1FE1555700CEA11C /* libboost_wserialization.a */ = {isa = PBXFileReference; lastKnownFileType = archive.ar; name = libboost_wserialization.a; path = ../../plan9/3rd/boost_1_63_0/lib/libboost_wserialization.a; sourceTree = "<group>"; };
		E375467E1FE1555700CEA11C /* libboost_math_c99.a */ = {isa = PBXFileReference; lastKnownFileType = archive.ar; name = libboost_math_c99.a; path = ../../plan9/3rd/boost_1_63_0/lib/libboost_math_c99.a; sourceTree = "<group>"; };
		E375467F1FE1555700CEA11C /* libboost_container.a */ = {isa = PBXFileReference; lastKnownFileType = archive.ar; name = libboost_container.a; path = ../../plan9/3rd/boost_1_63_0/lib/libboost_container.a; sourceTree = "<group>"; };
		E37546801FE1555800CEA11C /* libboost_filesystem.a */ = {isa = PBXFileReference; lastKnownFileType = archive.ar; name = libboost_filesystem.a; path = ../../plan9/3rd/boost_1_63_0/lib/libboost_filesystem.a; sourceTree = "<group>"; };
		E37546811FE1555800CEA11C /* libboost_math_c99f.a */ = {isa = PBXFileReference; lastKnownFileType = archive.ar; name = libboost_math_c99f.a; path = ../../plan9/3rd/boost_1_63_0/lib/libboost_math_c99f.a; sourceTree = "<group>"; };
		E37546821FE1555800CEA11C /* libboost_signals.a */ = {isa = PBXFileReference; lastKnownFileType = archive.ar; name = libboost_signals.a; path = ../../plan9/3rd/boost_1_63_0/lib/libboost_signals.a; sourceTree = "<group>"; };
		E37546831FE1555800CEA11C /* libboost_math_c99l.a */ = {isa = PBXFileReference; lastKnownFileType = archive.ar; name = libboost_math_c99l.a; path = ../../plan9/3rd/boost_1_63_0/lib/libboost_math_c99l.a; sourceTree = "<group>"; };
		E37546841FE1555800CEA11C /* libboost_atomic.a */ = {isa = PBXFileReference; lastKnownFileType = archive.ar; name = libboost_atomic.a; path = ../../plan9/3rd/boost_1_63_0/lib/libboost_atomic.a; sourceTree = "<group>"; };
		E37546851FE1555800CEA11C /* libboost_graph.a */ = {isa = PBXFileReference; lastKnownFileType = archive.ar; name = libboost_graph.a; path = ../../plan9/3rd/boost_1_63_0/lib/libboost_graph.a; sourceTree = "<group>"; };
		E37546861FE1555800CEA11C /* libboost_numpy.a */ = {isa = PBXFileReference; lastKnownFileType = archive.ar; name = libboost_numpy.a; path = ../../plan9/3rd/boost_1_63_0/lib/libboost_numpy.a; sourceTree = "<group>"; };
		E37546871FE1555800CEA11C /* libboost_prg_exec_monitor.a */ = {isa = PBXFileReference; lastKnownFileType = archive.ar; name = libboost_prg_exec_monitor.a; path = ../../plan9/3rd/boost_1_63_0/lib/libboost_prg_exec_monitor.a; sourceTree = "<group>"; };
		E37546881FE1555800CEA11C /* libboost_wave.a */ = {isa = PBXFileReference; lastKnownFileType = archive.ar; name = libboost_wave.a; path = ../../plan9/3rd/boost_1_63_0/lib/libboost_wave.a; sourceTree = "<group>"; };
		E37546891FE1555800CEA11C /* libboost_math_tr1.a */ = {isa = PBXFileReference; lastKnownFileType = archive.ar; name = libboost_math_tr1.a; path = ../../plan9/3rd/boost_1_63_0/lib/libboost_math_tr1.a; sourceTree = "<group>"; };
		E375468A1FE1555800CEA11C /* libboost_serialization.a */ = {isa = PBXFileReference; lastKnownFileType = archive.ar; name = libboost_serialization.a; path = ../../plan9/3rd/boost_1_63_0/lib/libboost_serialization.a; sourceTree = "<group>"; };
		E375468B1FE1555800CEA11C /* libboost_timer.a */ = {isa = PBXFileReference; lastKnownFileType = archive.ar; name = libboost_timer.a; path = ../../plan9/3rd/boost_1_63_0/lib/libboost_timer.a; sourceTree = "<group>"; };
		E375468C1FE1555800CEA11C /* libboost_log_setup.a */ = {isa = PBXFileReference; lastKnownFileType = archive.ar; name = libboost_log_setup.a; path = ../../plan9/3rd/boost_1_63_0/lib/libboost_log_setup.a; sourceTree = "<group>"; };
		E375468D1FE1555800CEA11C /* libboost_coroutine.a */ = {isa = PBXFileReference; lastKnownFileType = archive.ar; name = libboost_coroutine.a; path = ../../plan9/3rd/boost_1_63_0/lib/libboost_coroutine.a; sourceTree = "<group>"; };
		E375468E1FE1555800CEA11C /* libboost_exception.a */ = {isa = PBXFileReference; lastKnownFileType = archive.ar; name = libboost_exception.a; path = ../../plan9/3rd/boost_1_63_0/lib/libboost_exception.a; sourceTree = "<group>"; };
		E375468F1FE1555800CEA11C /* libboost_math_tr1l.a */ = {isa = PBXFileReference; lastKnownFileType = archive.ar; name = libboost_math_tr1l.a; path = ../../plan9/3rd/boost_1_63_0/lib/libboost_math_tr1l.a; sourceTree = "<group>"; };
		E37546901FE1555800CEA11C /* libboost_test_exec_monitor.a */ = {isa = PBXFileReference; lastKnownFileType = archive.ar; name = libboost_test_exec_monitor.a; path = ../../plan9/3rd/boost_1_63_0/lib/libboost_test_exec_monitor.a; sourceTree = "<group>"; };
		E37546911FE1555800CEA11C /* libboost_unit_test_framework.a */ = {isa = PBXFileReference; lastKnownFileType = archive.ar; name = libboost_unit_test_framework.a; path = ../../plan9/3rd/boost_1_63_0/lib/libboost_unit_test_framework.a; sourceTree = "<group>"; };
		E37546921FE1555800CEA11C /* libboost_chrono.a */ = {isa = PBXFileReference; lastKnownFileType = archive.ar; name = libboost_chrono.a; path = ../../plan9/3rd/boost_1_63_0/lib/libboost_chrono.a; sourceTree = "<group>"; };
		E37546931FE1555800CEA11C /* libboost_date_time.a */ = {isa = PBXFileReference; lastKnownFileType = archive.ar; name = libboost_date_time.a; path = ../../plan9/3rd/boost_1_63_0/lib/libboost_date_time.a; sourceTree = "<group>"; };
		E37546941FE1555800CEA11C /* libboost_python.a */ = {isa = PBXFileReference; lastKnownFileType = archive.ar; name = libboost_python.a; path = ../../plan9/3rd/boost_1_63_0/lib/libboost_python.a; sourceTree = "<group>"; };
		E37546951FE1555800CEA11C /* libboost_random.a */ = {isa = PBXFileReference; lastKnownFileType = archive.ar; name = libboost_random.a; path = ../../plan9/3rd/boost_1_63_0/lib/libboost_random.a; sourceTree = "<group>"; };
		E37546961FE1555800CEA11C /* libboost_iostreams.a */ = {isa = PBXFileReference; lastKnownFileType = archive.ar; name = libboost_iostreams.a; path = ../../plan9/3rd/boost_1_63_0/lib/libboost_iostreams.a; sourceTree = "<group>"; };
		E37546971FE1555800CEA11C /* libboost_program_options.a */ = {isa = PBXFileReference; lastKnownFileType = archive.ar; name = libboost_program_options.a; path = ../../plan9/3rd/boost_1_63_0/lib/libboost_program_options.a; sourceTree = "<group>"; };
		E37546981FE1555800CEA11C /* libboost_regex.a */ = {isa = PBXFileReference; lastKnownFileType = archive.ar; name = libboost_regex.a; path = ../../plan9/3rd/boost_1_63_0/lib/libboost_regex.a; sourceTree = "<group>"; };
		E37546991FE1555800CEA11C /* libboost_log.a */ = {isa = PBXFileReference; lastKnownFileType = archive.ar; name = libboost_log.a; path = ../../plan9/3rd/boost_1_63_0/lib/libboost_log.a; sourceTree = "<group>"; };
		E375469A1FE1555800CEA11C /* libboost_thread.a */ = {isa = PBXFileReference; lastKnownFileType = archive.ar; name = libboost_thread.a; path = ../../plan9/3rd/boost_1_63_0/lib/libboost_thread.a; sourceTree = "<group>"; };
		E375469B1FE1555800CEA11C /* libboost_math_tr1f.a */ = {isa = PBXFileReference; lastKnownFileType = archive.ar; name = libboost_math_tr1f.a; path = ../../plan9/3rd/boost_1_63_0/lib/libboost_math_tr1f.a; sourceTree = "<group>"; };
		E375469C1FE1555800CEA11C /* libboost_type_erasure.a */ = {isa = PBXFileReference; lastKnownFileType = archive.ar; name = libboost_type_erasure.a; path = ../../plan9/3rd/boost_1_63_0/lib/libboost_type_erasure.a; sourceTree = "<group>"; };
		E375469D1FE1555800CEA11C /* libboost_context.a */ = {isa = PBXFileReference; lastKnownFileType = archive.ar; name = libboost_context.a; path = ../../plan9/3rd/boost_1_63_0/lib/libboost_context.a; sourceTree = "<group>"; };
		E375469E1FE1555800CEA11C /* libboost_locale.a */ = {isa = PBXFileReference; lastKnownFileType = archive.ar; name = libboost_locale.a; path = ../../plan9/3rd/boost_1_63_0/lib/libboost_locale.a; sourceTree = "<group>"; };
		E3786C721F98A13A00AD5C88 /* common_callback.cpp */ = {isa = PBXFileReference; lastKnownFileType = sourcecode.cpp.cpp; path = common_callback.cpp; sourceTree = "<group>"; };
		E3786C731F98A13A00AD5C88 /* common_callback.hpp */ = {isa = PBXFileReference; lastKnownFileType = sourcecode.cpp.h; path = common_callback.hpp; sourceTree = "<group>"; };
		E385F3F71F973D5B00E26281 /* anet.app */ = {isa = PBXFileReference; explicitFileType = wrapper.application; includeInIndex = 0; path = anet.app; sourceTree = BUILT_PRODUCTS_DIR; };
		E385F3FA1F973D5B00E26281 /* AppDelegate.h */ = {isa = PBXFileReference; lastKnownFileType = sourcecode.c.h; path = AppDelegate.h; sourceTree = "<group>"; };
		E385F3FB1F973D5B00E26281 /* AppDelegate.m */ = {isa = PBXFileReference; lastKnownFileType = sourcecode.c.objc; path = AppDelegate.m; sourceTree = "<group>"; };
		E385F3FD1F973D5B00E26281 /* ViewController.h */ = {isa = PBXFileReference; lastKnownFileType = sourcecode.c.h; path = ViewController.h; sourceTree = "<group>"; };
		E385F3FE1F973D5B00E26281 /* ViewController.mm */ = {isa = PBXFileReference; lastKnownFileType = sourcecode.cpp.objcpp; path = ViewController.mm; sourceTree = "<group>"; };
		E385F4001F973D5B00E26281 /* Assets.xcassets */ = {isa = PBXFileReference; lastKnownFileType = folder.assetcatalog; path = Assets.xcassets; sourceTree = "<group>"; };
		E385F4031F973D5B00E26281 /* Base */ = {isa = PBXFileReference; lastKnownFileType = file.storyboard; name = Base; path = Base.lproj/Main.storyboard; sourceTree = "<group>"; };
		E385F4051F973D5B00E26281 /* Info.plist */ = {isa = PBXFileReference; lastKnownFileType = text.plist.xml; path = Info.plist; sourceTree = "<group>"; };
		E385F4061F973D5B00E26281 /* main.m */ = {isa = PBXFileReference; lastKnownFileType = sourcecode.c.objc; path = main.m; sourceTree = "<group>"; };
		E385F4081F973D5B00E26281 /* anet.entitlements */ = {isa = PBXFileReference; lastKnownFileType = text.plist.entitlements; path = anet.entitlements; sourceTree = "<group>"; };
		E385F4D21F973FC200E26281 /* uv-posix.h */ = {isa = PBXFileReference; fileEncoding = 4; lastKnownFileType = sourcecode.c.h; path = "uv-posix.h"; sourceTree = "<group>"; };
		E385F4D31F973FC200E26281 /* uv-unix.h */ = {isa = PBXFileReference; fileEncoding = 4; lastKnownFileType = sourcecode.c.h; path = "uv-unix.h"; sourceTree = "<group>"; };
		E385F4D41F973FC200E26281 /* uv-threadpool.h */ = {isa = PBXFileReference; fileEncoding = 4; lastKnownFileType = sourcecode.c.h; path = "uv-threadpool.h"; sourceTree = "<group>"; };
		E385F4D51F973FC200E26281 /* uv.h */ = {isa = PBXFileReference; fileEncoding = 4; lastKnownFileType = sourcecode.c.h; path = uv.h; sourceTree = "<group>"; };
		E385F4D61F973FC200E26281 /* uv-win.h */ = {isa = PBXFileReference; fileEncoding = 4; lastKnownFileType = sourcecode.c.h; path = "uv-win.h"; sourceTree = "<group>"; };
		E385F4D71F973FC200E26281 /* uv-aix.h */ = {isa = PBXFileReference; fileEncoding = 4; lastKnownFileType = sourcecode.c.h; path = "uv-aix.h"; sourceTree = "<group>"; };
		E385F4D81F973FC200E26281 /* uv-errno.h */ = {isa = PBXFileReference; fileEncoding = 4; lastKnownFileType = sourcecode.c.h; path = "uv-errno.h"; sourceTree = "<group>"; };
		E385F4D91F973FC200E26281 /* tree.h */ = {isa = PBXFileReference; fileEncoding = 4; lastKnownFileType = sourcecode.c.h; path = tree.h; sourceTree = "<group>"; };
		E385F4DA1F973FC200E26281 /* uv-os390.h */ = {isa = PBXFileReference; fileEncoding = 4; lastKnownFileType = sourcecode.c.h; path = "uv-os390.h"; sourceTree = "<group>"; };
		E385F4DB1F973FC200E26281 /* uv-sunos.h */ = {isa = PBXFileReference; fileEncoding = 4; lastKnownFileType = sourcecode.c.h; path = "uv-sunos.h"; sourceTree = "<group>"; };
		E385F4DC1F973FC200E26281 /* android-ifaddrs.h */ = {isa = PBXFileReference; fileEncoding = 4; lastKnownFileType = sourcecode.c.h; path = "android-ifaddrs.h"; sourceTree = "<group>"; };
		E385F4DD1F973FC200E26281 /* uv-version.h */ = {isa = PBXFileReference; fileEncoding = 4; lastKnownFileType = sourcecode.c.h; path = "uv-version.h"; sourceTree = "<group>"; };
		E385F4DE1F973FC200E26281 /* uv-darwin.h */ = {isa = PBXFileReference; fileEncoding = 4; lastKnownFileType = sourcecode.c.h; path = "uv-darwin.h"; sourceTree = "<group>"; };
		E385F4DF1F973FC200E26281 /* uv-bsd.h */ = {isa = PBXFileReference; fileEncoding = 4; lastKnownFileType = sourcecode.c.h; path = "uv-bsd.h"; sourceTree = "<group>"; };
		E385F4E01F973FC200E26281 /* stdint-msvc2008.h */ = {isa = PBXFileReference; fileEncoding = 4; lastKnownFileType = sourcecode.c.h; path = "stdint-msvc2008.h"; sourceTree = "<group>"; };
		E385F4E11F973FC200E26281 /* uv-linux.h */ = {isa = PBXFileReference; fileEncoding = 4; lastKnownFileType = sourcecode.c.h; path = "uv-linux.h"; sourceTree = "<group>"; };
		E385F4E21F973FC200E26281 /* pthread-barrier.h */ = {isa = PBXFileReference; fileEncoding = 4; lastKnownFileType = sourcecode.c.h; path = "pthread-barrier.h"; sourceTree = "<group>"; };
		E385F4E71F97407200E26281 /* uv-posix.h */ = {isa = PBXFileReference; lastKnownFileType = sourcecode.c.h; path = "uv-posix.h"; sourceTree = "<group>"; };
		E385F4E81F97407200E26281 /* uv-unix.h */ = {isa = PBXFileReference; lastKnownFileType = sourcecode.c.h; path = "uv-unix.h"; sourceTree = "<group>"; };
		E385F4E91F97407200E26281 /* uv-threadpool.h */ = {isa = PBXFileReference; lastKnownFileType = sourcecode.c.h; path = "uv-threadpool.h"; sourceTree = "<group>"; };
		E385F4EA1F97407200E26281 /* uv.h */ = {isa = PBXFileReference; lastKnownFileType = sourcecode.c.h; path = uv.h; sourceTree = "<group>"; };
		E385F4EB1F97407200E26281 /* uv-win.h */ = {isa = PBXFileReference; lastKnownFileType = sourcecode.c.h; path = "uv-win.h"; sourceTree = "<group>"; };
		E385F4EC1F97407200E26281 /* uv-aix.h */ = {isa = PBXFileReference; lastKnownFileType = sourcecode.c.h; path = "uv-aix.h"; sourceTree = "<group>"; };
		E385F4ED1F97407200E26281 /* uv-errno.h */ = {isa = PBXFileReference; lastKnownFileType = sourcecode.c.h; path = "uv-errno.h"; sourceTree = "<group>"; };
		E385F4EE1F97407200E26281 /* tree.h */ = {isa = PBXFileReference; lastKnownFileType = sourcecode.c.h; path = tree.h; sourceTree = "<group>"; };
		E385F4EF1F97407200E26281 /* uv-os390.h */ = {isa = PBXFileReference; lastKnownFileType = sourcecode.c.h; path = "uv-os390.h"; sourceTree = "<group>"; };
		E385F4F01F97407200E26281 /* uv-sunos.h */ = {isa = PBXFileReference; lastKnownFileType = sourcecode.c.h; path = "uv-sunos.h"; sourceTree = "<group>"; };
		E385F4F11F97407200E26281 /* android-ifaddrs.h */ = {isa = PBXFileReference; lastKnownFileType = sourcecode.c.h; path = "android-ifaddrs.h"; sourceTree = "<group>"; };
		E385F4F21F97407200E26281 /* uv-version.h */ = {isa = PBXFileReference; lastKnownFileType = sourcecode.c.h; path = "uv-version.h"; sourceTree = "<group>"; };
		E385F4F31F97407200E26281 /* uv-darwin.h */ = {isa = PBXFileReference; lastKnownFileType = sourcecode.c.h; path = "uv-darwin.h"; sourceTree = "<group>"; };
		E385F4F41F97407200E26281 /* uv-bsd.h */ = {isa = PBXFileReference; lastKnownFileType = sourcecode.c.h; path = "uv-bsd.h"; sourceTree = "<group>"; };
		E385F4F51F97407200E26281 /* stdint-msvc2008.h */ = {isa = PBXFileReference; lastKnownFileType = sourcecode.c.h; path = "stdint-msvc2008.h"; sourceTree = "<group>"; };
		E385F4F61F97407200E26281 /* uv-linux.h */ = {isa = PBXFileReference; lastKnownFileType = sourcecode.c.h; path = "uv-linux.h"; sourceTree = "<group>"; };
		E385F4F71F97407200E26281 /* pthread-barrier.h */ = {isa = PBXFileReference; lastKnownFileType = sourcecode.c.h; path = "pthread-barrier.h"; sourceTree = "<group>"; };
		E385F4F81F97407200E26281 /* libuv.a */ = {isa = PBXFileReference; lastKnownFileType = archive.ar; path = libuv.a; sourceTree = "<group>"; };
		E385F4FB1F97407200E26281 /* uv-posix.h */ = {isa = PBXFileReference; lastKnownFileType = sourcecode.c.h; path = "uv-posix.h"; sourceTree = "<group>"; };
		E385F4FC1F97407200E26281 /* uv-unix.h */ = {isa = PBXFileReference; lastKnownFileType = sourcecode.c.h; path = "uv-unix.h"; sourceTree = "<group>"; };
		E385F4FD1F97407200E26281 /* uv-threadpool.h */ = {isa = PBXFileReference; lastKnownFileType = sourcecode.c.h; path = "uv-threadpool.h"; sourceTree = "<group>"; };
		E385F4FE1F97407200E26281 /* uv.h */ = {isa = PBXFileReference; lastKnownFileType = sourcecode.c.h; path = uv.h; sourceTree = "<group>"; };
		E385F4FF1F97407200E26281 /* uv-win.h */ = {isa = PBXFileReference; lastKnownFileType = sourcecode.c.h; path = "uv-win.h"; sourceTree = "<group>"; };
		E385F5001F97407200E26281 /* uv-aix.h */ = {isa = PBXFileReference; lastKnownFileType = sourcecode.c.h; path = "uv-aix.h"; sourceTree = "<group>"; };
		E385F5011F97407200E26281 /* uv-errno.h */ = {isa = PBXFileReference; lastKnownFileType = sourcecode.c.h; path = "uv-errno.h"; sourceTree = "<group>"; };
		E385F5021F97407200E26281 /* tree.h */ = {isa = PBXFileReference; lastKnownFileType = sourcecode.c.h; path = tree.h; sourceTree = "<group>"; };
		E385F5031F97407200E26281 /* uv-os390.h */ = {isa = PBXFileReference; lastKnownFileType = sourcecode.c.h; path = "uv-os390.h"; sourceTree = "<group>"; };
		E385F5041F97407200E26281 /* uv-sunos.h */ = {isa = PBXFileReference; lastKnownFileType = sourcecode.c.h; path = "uv-sunos.h"; sourceTree = "<group>"; };
		E385F5051F97407200E26281 /* android-ifaddrs.h */ = {isa = PBXFileReference; lastKnownFileType = sourcecode.c.h; path = "android-ifaddrs.h"; sourceTree = "<group>"; };
		E385F5061F97407200E26281 /* uv-version.h */ = {isa = PBXFileReference; lastKnownFileType = sourcecode.c.h; path = "uv-version.h"; sourceTree = "<group>"; };
		E385F5071F97407200E26281 /* uv-darwin.h */ = {isa = PBXFileReference; lastKnownFileType = sourcecode.c.h; path = "uv-darwin.h"; sourceTree = "<group>"; };
		E385F5081F97407200E26281 /* uv-bsd.h */ = {isa = PBXFileReference; lastKnownFileType = sourcecode.c.h; path = "uv-bsd.h"; sourceTree = "<group>"; };
		E385F5091F97407200E26281 /* stdint-msvc2008.h */ = {isa = PBXFileReference; lastKnownFileType = sourcecode.c.h; path = "stdint-msvc2008.h"; sourceTree = "<group>"; };
		E385F50A1F97407200E26281 /* uv-linux.h */ = {isa = PBXFileReference; lastKnownFileType = sourcecode.c.h; path = "uv-linux.h"; sourceTree = "<group>"; };
		E385F50B1F97407200E26281 /* pthread-barrier.h */ = {isa = PBXFileReference; lastKnownFileType = sourcecode.c.h; path = "pthread-barrier.h"; sourceTree = "<group>"; };
		E39A09D71F9CE60900962656 /* string_parser.cpp */ = {isa = PBXFileReference; lastKnownFileType = sourcecode.cpp.cpp; path = string_parser.cpp; sourceTree = "<group>"; };
		E39A09D81F9CE60900962656 /* string_parser.hpp */ = {isa = PBXFileReference; lastKnownFileType = sourcecode.cpp.h; path = string_parser.hpp; sourceTree = "<group>"; };
		E3CB49E31FD45743001EAE67 /* libcpprest.dylib */ = {isa = PBXFileReference; lastKnownFileType = "compiled.mach-o.dylib"; name = libcpprest.dylib; path = anet/cpprest/lib/libcpprest.dylib; sourceTree = "<group>"; };
		E3CB49E51FD4579E001EAE67 /* libcpprest.dylib */ = {isa = PBXFileReference; lastKnownFileType = "compiled.mach-o.dylib"; name = libcpprest.dylib; path = anet/lib/libcpprest.dylib; sourceTree = "<group>"; };
		E3CB49E81FD457F4001EAE67 /* http_client.h */ = {isa = PBXFileReference; fileEncoding = 4; lastKnownFileType = sourcecode.c.h; path = http_client.h; sourceTree = "<group>"; };
		E3CB49E91FD457F4001EAE67 /* http_headers.h */ = {isa = PBXFileReference; fileEncoding = 4; lastKnownFileType = sourcecode.c.h; path = http_headers.h; sourceTree = "<group>"; };
		E3CB49EA1FD457F4001EAE67 /* http_msg.h */ = {isa = PBXFileReference; fileEncoding = 4; lastKnownFileType = sourcecode.c.h; path = http_msg.h; sourceTree = "<group>"; };
		E3CB49EB1FD457F4001EAE67 /* producerconsumerstream.h */ = {isa = PBXFileReference; fileEncoding = 4; lastKnownFileType = sourcecode.c.h; path = producerconsumerstream.h; sourceTree = "<group>"; };
		E3CB49EC1FD457F4001EAE67 /* version.h */ = {isa = PBXFileReference; fileEncoding = 4; lastKnownFileType = sourcecode.c.h; path = version.h; sourceTree = "<group>"; };
		E3CB49ED1FD457F4001EAE67 /* streams.h */ = {isa = PBXFileReference; fileEncoding = 4; lastKnownFileType = sourcecode.c.h; path = streams.h; sourceTree = "<group>"; };
		E3CB49EE1FD457F4001EAE67 /* ws_msg.h */ = {isa = PBXFileReference; fileEncoding = 4; lastKnownFileType = sourcecode.c.h; path = ws_msg.h; sourceTree = "<group>"; };
		E3CB49EF1FD457F4001EAE67 /* uri.h */ = {isa = PBXFileReference; fileEncoding = 4; lastKnownFileType = sourcecode.c.h; path = uri.h; sourceTree = "<group>"; };
		E3CB49F11FD457F4001EAE67 /* web_utilities.h */ = {isa = PBXFileReference; fileEncoding = 4; lastKnownFileType = sourcecode.c.h; path = web_utilities.h; sourceTree = "<group>"; };
		E3CB49F21FD457F4001EAE67 /* http_constants.dat */ = {isa = PBXFileReference; fileEncoding = 4; lastKnownFileType = text; path = http_constants.dat; sourceTree = "<group>"; };
		E3CB49F31FD457F4001EAE67 /* SafeInt3.hpp */ = {isa = PBXFileReference; fileEncoding = 4; lastKnownFileType = sourcecode.cpp.h; path = SafeInt3.hpp; sourceTree = "<group>"; };
		E3CB49F41FD457F4001EAE67 /* cpprest_compat.h */ = {isa = PBXFileReference; fileEncoding = 4; lastKnownFileType = sourcecode.c.h; path = cpprest_compat.h; sourceTree = "<group>"; };
		E3CB49F51FD457F4001EAE67 /* x509_cert_utilities.h */ = {isa = PBXFileReference; fileEncoding = 4; lastKnownFileType = sourcecode.c.h; path = x509_cert_utilities.h; sourceTree = "<group>"; };
		E3CB49F61FD457F4001EAE67 /* http_server_api.h */ = {isa = PBXFileReference; fileEncoding = 4; lastKnownFileType = sourcecode.c.h; path = http_server_api.h; sourceTree = "<group>"; };
		E3CB49F71FD457F4001EAE67 /* http_helpers.h */ = {isa = PBXFileReference; fileEncoding = 4; lastKnownFileType = sourcecode.c.h; path = http_helpers.h; sourceTree = "<group>"; };
		E3CB49F81FD457F4001EAE67 /* resource.h */ = {isa = PBXFileReference; fileEncoding = 4; lastKnownFileType = sourcecode.c.h; path = resource.h; sourceTree = "<group>"; };
		E3CB49F91FD457F4001EAE67 /* fileio.h */ = {isa = PBXFileReference; fileEncoding = 4; lastKnownFileType = sourcecode.c.h; path = fileio.h; sourceTree = "<group>"; };
		E3CB49FA1FD457F4001EAE67 /* basic_types.h */ = {isa = PBXFileReference; fileEncoding = 4; lastKnownFileType = sourcecode.c.h; path = basic_types.h; sourceTree = "<group>"; };
		E3CB49FB1FD457F4001EAE67 /* uri_parser.h */ = {isa = PBXFileReference; fileEncoding = 4; lastKnownFileType = sourcecode.c.h; path = uri_parser.h; sourceTree = "<group>"; };
		E3CB49FC1FD457F4001EAE67 /* nosal.h */ = {isa = PBXFileReference; fileEncoding = 4; lastKnownFileType = sourcecode.c.h; path = nosal.h; sourceTree = "<group>"; };
		E3CB49FD1FD457F4001EAE67 /* http_server.h */ = {isa = PBXFileReference; fileEncoding = 4; lastKnownFileType = sourcecode.c.h; path = http_server.h; sourceTree = "<group>"; };
		E3CB49FE1FD457F4001EAE67 /* rawptrstream.h */ = {isa = PBXFileReference; fileEncoding = 4; lastKnownFileType = sourcecode.c.h; path = rawptrstream.h; sourceTree = "<group>"; };
		E3CB49FF1FD457F4001EAE67 /* astreambuf.h */ = {isa = PBXFileReference; fileEncoding = 4; lastKnownFileType = sourcecode.c.h; path = astreambuf.h; sourceTree = "<group>"; };
		E3CB4A001FD457F4001EAE67 /* ws_client.h */ = {isa = PBXFileReference; fileEncoding = 4; lastKnownFileType = sourcecode.c.h; path = ws_client.h; sourceTree = "<group>"; };
		E3CB4A011FD457F4001EAE67 /* http_listener.h */ = {isa = PBXFileReference; fileEncoding = 4; lastKnownFileType = sourcecode.c.h; path = http_listener.h; sourceTree = "<group>"; };
		E3CB4A021FD457F4001EAE67 /* json.h */ = {isa = PBXFileReference; fileEncoding = 4; lastKnownFileType = sourcecode.c.h; path = json.h; sourceTree = "<group>"; };
		E3CB4A031FD457F4001EAE67 /* filestream.h */ = {isa = PBXFileReference; fileEncoding = 4; lastKnownFileType = sourcecode.c.h; path = filestream.h; sourceTree = "<group>"; };
		E3CB4A041FD457F4001EAE67 /* uri_builder.h */ = {isa = PBXFileReference; fileEncoding = 4; lastKnownFileType = sourcecode.c.h; path = uri_builder.h; sourceTree = "<group>"; };
		E3CB4A051FD457F4001EAE67 /* interopstream.h */ = {isa = PBXFileReference; fileEncoding = 4; lastKnownFileType = sourcecode.c.h; path = interopstream.h; sourceTree = "<group>"; };
		E3CB4A061FD457F4001EAE67 /* oauth1.h */ = {isa = PBXFileReference; fileEncoding = 4; lastKnownFileType = sourcecode.c.h; path = oauth1.h; sourceTree = "<group>"; };
		E3CB4A071FD457F4001EAE67 /* asyncrt_utils.h */ = {isa = PBXFileReference; fileEncoding = 4; lastKnownFileType = sourcecode.c.h; path = asyncrt_utils.h; sourceTree = "<group>"; };
		E3CB4A081FD457F4001EAE67 /* oauth2.h */ = {isa = PBXFileReference; fileEncoding = 4; lastKnownFileType = sourcecode.c.h; path = oauth2.h; sourceTree = "<group>"; };
		E3CB4A091FD457F4001EAE67 /* base_uri.h */ = {isa = PBXFileReference; fileEncoding = 4; lastKnownFileType = sourcecode.c.h; path = base_uri.h; sourceTree = "<group>"; };
		E3CB4A0A1FD457F4001EAE67 /* containerstream.h */ = {isa = PBXFileReference; fileEncoding = 4; lastKnownFileType = sourcecode.c.h; path = containerstream.h; sourceTree = "<group>"; };
		E3CB4A0C1FD457F4001EAE67 /* pplxlinux.h */ = {isa = PBXFileReference; fileEncoding = 4; lastKnownFileType = sourcecode.c.h; path = pplxlinux.h; sourceTree = "<group>"; };
		E3CB4A0D1FD457F4001EAE67 /* pplxwin.h */ = {isa = PBXFileReference; fileEncoding = 4; lastKnownFileType = sourcecode.c.h; path = pplxwin.h; sourceTree = "<group>"; };
		E3CB4A0E1FD457F4001EAE67 /* pplxtasks.h */ = {isa = PBXFileReference; fileEncoding = 4; lastKnownFileType = sourcecode.c.h; path = pplxtasks.h; sourceTree = "<group>"; };
		E3CB4A0F1FD457F4001EAE67 /* threadpool.h */ = {isa = PBXFileReference; fileEncoding = 4; lastKnownFileType = sourcecode.c.h; path = threadpool.h; sourceTree = "<group>"; };
		E3CB4A101FD457F4001EAE67 /* pplxconv.h */ = {isa = PBXFileReference; fileEncoding = 4; lastKnownFileType = sourcecode.c.h; path = pplxconv.h; sourceTree = "<group>"; };
		E3CB4A111FD457F4001EAE67 /* pplxinterface.h */ = {isa = PBXFileReference; fileEncoding = 4; lastKnownFileType = sourcecode.c.h; path = pplxinterface.h; sourceTree = "<group>"; };
		E3CB4A121FD457F4001EAE67 /* pplx.h */ = {isa = PBXFileReference; fileEncoding = 4; lastKnownFileType = sourcecode.c.h; path = pplx.h; sourceTree = "<group>"; };
		E3CB4A131FD457F4001EAE67 /* pplxcancellation_token.h */ = {isa = PBXFileReference; fileEncoding = 4; lastKnownFileType = sourcecode.c.h; path = pplxcancellation_token.h; sourceTree = "<group>"; };
		E3FA31331F9C61FD00DC851D /* ahttp.cpp */ = {isa = PBXFileReference; lastKnownFileType = sourcecode.cpp.cpp; path = ahttp.cpp; sourceTree = "<group>"; };
		E3FA31341F9C61FD00DC851D /* ahttp.hpp */ = {isa = PBXFileReference; lastKnownFileType = sourcecode.cpp.h; path = ahttp.hpp; sourceTree = "<group>"; };
/* End PBXFileReference section */

/* Begin PBXFrameworksBuildPhase section */
		E385F3F41F973D5B00E26281 /* Frameworks */ = {
			isa = PBXFrameworksBuildPhase;
			buildActionMask = 2147483647;
			files = (
				E375469F1FE1555800CEA11C /* libboost_wserialization.a in Frameworks */,
				E37546A01FE1555800CEA11C /* libboost_math_c99.a in Frameworks */,
				E37546A11FE1555800CEA11C /* libboost_container.a in Frameworks */,
				E37546A21FE1555800CEA11C /* libboost_filesystem.a in Frameworks */,
				E37546A31FE1555800CEA11C /* libboost_math_c99f.a in Frameworks */,
				E37546A41FE1555800CEA11C /* libboost_signals.a in Frameworks */,
				E37546A51FE1555800CEA11C /* libboost_math_c99l.a in Frameworks */,
				E37546A61FE1555800CEA11C /* libboost_atomic.a in Frameworks */,
				E37546A71FE1555800CEA11C /* libboost_graph.a in Frameworks */,
				E37546A81FE1555800CEA11C /* libboost_numpy.a in Frameworks */,
				E37546A91FE1555900CEA11C /* libboost_prg_exec_monitor.a in Frameworks */,
				E37546AA1FE1555900CEA11C /* libboost_wave.a in Frameworks */,
				E37546AB1FE1555900CEA11C /* libboost_math_tr1.a in Frameworks */,
				E37546AC1FE1555900CEA11C /* libboost_serialization.a in Frameworks */,
				E37546AD1FE1555900CEA11C /* libboost_timer.a in Frameworks */,
				E37546AE1FE1555900CEA11C /* libboost_log_setup.a in Frameworks */,
				E37546AF1FE1555900CEA11C /* libboost_coroutine.a in Frameworks */,
				E37546B01FE1555900CEA11C /* libboost_exception.a in Frameworks */,
				E37546B11FE1555900CEA11C /* libboost_math_tr1l.a in Frameworks */,
				E37546B21FE1555900CEA11C /* libboost_test_exec_monitor.a in Frameworks */,
				E37546B31FE1555900CEA11C /* libboost_unit_test_framework.a in Frameworks */,
				E37546B41FE1555900CEA11C /* libboost_chrono.a in Frameworks */,
				E37546B51FE1555900CEA11C /* libboost_date_time.a in Frameworks */,
				E37546B61FE1555900CEA11C /* libboost_python.a in Frameworks */,
				E37546B71FE1555900CEA11C /* libboost_random.a in Frameworks */,
				E37546B81FE1555900CEA11C /* libboost_iostreams.a in Frameworks */,
				E37546B91FE1555900CEA11C /* libboost_program_options.a in Frameworks */,
				E37546BA1FE1555900CEA11C /* libboost_regex.a in Frameworks */,
				E37546BB1FE1555900CEA11C /* libboost_log.a in Frameworks */,
				E37546BC1FE1555900CEA11C /* libboost_thread.a in Frameworks */,
				E37546BD1FE1555900CEA11C /* libboost_math_tr1f.a in Frameworks */,
				E37546BE1FE1555900CEA11C /* libboost_type_erasure.a in Frameworks */,
				E37546BF1FE1555900CEA11C /* libboost_context.a in Frameworks */,
				E37546C01FE1555900CEA11C /* libboost_locale.a in Frameworks */,
				E375467C1FE152F100CEA11C /* libboost_system.a in Frameworks */,
				E37546791FE152BE00CEA11C /* libcrypto.a in Frameworks */,
				E375467A1FE152BE00CEA11C /* libssl.a in Frameworks */,
				E3CB49E61FD4579E001EAE67 /* libcpprest.dylib in Frameworks */,
				E385F50E1F97408700E26281 /* libuv.a in Frameworks */,
			);
			runOnlyForDeploymentPostprocessing = 0;
		};
/* End PBXFrameworksBuildPhase section */

/* Begin PBXGroup section */
		6135E6D8F874B4EDBB928686 /* ssl */ = {
			isa = PBXGroup;
			children = (
				6135EA899F938C6BEC03B292 /* ssl_shake.cpp */,
				6135E704B9E6706E0E22DE95 /* ssl_shake.h */,
			);
			path = ssl;
			sourceTree = "<group>";
		};
		6135E80A068A0E3FEB2753DA /* proxy */ = {
			isa = PBXGroup;
			children = (
				6135E8DC9C579ED31D682F4C /* local_proxy.cpp */,
				6135EB09B375364286978DDA /* local_proxy.h */,
			);
			path = proxy;
			sourceTree = "<group>";
		};
		6135EA93FC41F41A2D262031 /* log */ = {
			isa = PBXGroup;
			children = (
				6135E268039E3FF33F1CAC27 /* log.cpp */,
				6135E11C7ED4983B3CCCE153 /* log.h */,
			);
			path = log;
			sourceTree = "<group>";
		};
		E342FD3F1FB33CED00BA7AC1 /* zlib */ = {
			isa = PBXGroup;
			children = (
				E342FD401FB33CED00BA7AC1 /* zutil.h */,
				E342FD411FB33CED00BA7AC1 /* inftrees.h */,
				E342FD421FB33CED00BA7AC1 /* inflate.c */,
				E342FD431FB33CED00BA7AC1 /* zlib.3.pdf */,
				E342FD441FB33CED00BA7AC1 /* compress.c */,
				E342FD451FB33CED00BA7AC1 /* deflate.c */,
				E342FD461FB33CED00BA7AC1 /* inffixed.h */,
				E342FD471FB33CED00BA7AC1 /* trees.h */,
				E342FD481FB33CED00BA7AC1 /* inffast.h */,
				E342FD491FB33CED00BA7AC1 /* crc32.c */,
				E342FD4A1FB33CED00BA7AC1 /* infback.c */,
				E342FD4B1FB33CED00BA7AC1 /* zutil.c */,
				E342FD4C1FB33CED00BA7AC1 /* deflate.h */,
				E342FD4D1FB33CED00BA7AC1 /* zlib.h */,
				E342FD4E1FB33CED00BA7AC1 /* inflate.h */,
				E342FD4F1FB33CED00BA7AC1 /* inftrees.c */,
				E342FD501FB33CED00BA7AC1 /* uncompr.c */,
				E342FD511FB33CED00BA7AC1 /* trees.c */,
				E342FD521FB33CED00BA7AC1 /* crc32.h */,
				E342FD531FB33CED00BA7AC1 /* inffast.c */,
				E342FD541FB33CED00BA7AC1 /* adler32.c */,
				E342FD551FB33CED00BA7AC1 /* zconf.h */,
				E342FD621FB33D2500BA7AC1 /* zlib_wrap.cpp */,
				E342FD631FB33D2500BA7AC1 /* zlib_wrap.hpp */,
			);
			path = zlib;
			sourceTree = "<group>";
		};
		E3786C711F98A07800AD5C88 /* common */ = {
			isa = PBXGroup;
			children = (
				E3786C721F98A13A00AD5C88 /* common_callback.cpp */,
				E3786C731F98A13A00AD5C88 /* common_callback.hpp */,
				E39A09D71F9CE60900962656 /* string_parser.cpp */,
				E39A09D81F9CE60900962656 /* string_parser.hpp */,
				6135EE2631038C7B62738550 /* tri_bool.h */,
				6135EE020116A5AAD26F3533 /* case_insensitive_map.cpp */,
				6135ED990020EBC50E9A141E /* case_insensitive_map.h */,
				6135EE04C9CD540286C2F288 /* char_array.cpp */,
				6135E6B9D46676ED51DB9239 /* char_array.h */,
				6135EA93FC41F41A2D262031 /* log */,
			);
			path = common;
			sourceTree = "<group>";
		};
		E385F3EE1F973D5B00E26281 = {
			isa = PBXGroup;
			children = (
				E385F3F91F973D5B00E26281 /* anet */,
				E385F3F81F973D5B00E26281 /* Products */,
				E385F4E31F97407200E26281 /* Frameworks */,
			);
			sourceTree = "<group>";
		};
		E385F3F81F973D5B00E26281 /* Products */ = {
			isa = PBXGroup;
			children = (
				E385F3F71F973D5B00E26281 /* anet.app */,
			);
			name = Products;
			sourceTree = "<group>";
		};
		E385F3F91F973D5B00E26281 /* anet */ = {
			isa = PBXGroup;
			children = (
				E3CB49E71FD457F4001EAE67 /* cpprest */,
				E3CB4A0B1FD457F4001EAE67 /* pplx */,
				E385F40F1F973D8800E26281 /* network */,
				E385F3FA1F973D5B00E26281 /* AppDelegate.h */,
				E385F3FB1F973D5B00E26281 /* AppDelegate.m */,
				E385F3FD1F973D5B00E26281 /* ViewController.h */,
				E385F3FE1F973D5B00E26281 /* ViewController.mm */,
				E385F4001F973D5B00E26281 /* Assets.xcassets */,
				E385F4021F973D5B00E26281 /* Main.storyboard */,
				E385F4051F973D5B00E26281 /* Info.plist */,
				E385F4061F973D5B00E26281 /* main.m */,
				E385F4081F973D5B00E26281 /* anet.entitlements */,
			);
			path = anet;
			sourceTree = "<group>";
		};
		E385F40F1F973D8800E26281 /* network */ = {
			isa = PBXGroup;
			children = (
				E342FD3F1FB33CED00BA7AC1 /* zlib */,
				E3786C711F98A07800AD5C88 /* common */,
				E385F4D01F973FC200E26281 /* libuv */,
				E385F4131F973DE900E26281 /* thread */,
				E385F4111F973DAC00E26281 /* http */,
				6135E6D8F874B4EDBB928686 /* ssl */,
				6135E80A068A0E3FEB2753DA /* proxy */,
			);
			path = network;
			sourceTree = "<group>";
		};
		E385F4111F973DAC00E26281 /* http */ = {
			isa = PBXGroup;
			children = (
				E3FA31331F9C61FD00DC851D /* ahttp.cpp */,
				E3FA31341F9C61FD00DC851D /* ahttp.hpp */,
			);
			path = http;
			sourceTree = "<group>";
		};
		E385F4131F973DE900E26281 /* thread */ = {
			isa = PBXGroup;
			children = (
				6135E2A0832EA6891E99CE15 /* uv_wrapper.cpp */,
				6135EDBBFE73664E8A225FBF /* uv_wrapper.hpp */,
			);
			path = thread;
			sourceTree = "<group>";
		};
		E385F4D01F973FC200E26281 /* libuv */ = {
			isa = PBXGroup;
			children = (
				E385F4D11F973FC200E26281 /* include */,
			);
			path = libuv;
			sourceTree = "<group>";
		};
		E385F4D11F973FC200E26281 /* include */ = {
			isa = PBXGroup;
			children = (
				E385F4D21F973FC200E26281 /* uv-posix.h */,
				E385F4D31F973FC200E26281 /* uv-unix.h */,
				E385F4D41F973FC200E26281 /* uv-threadpool.h */,
				E385F4D51F973FC200E26281 /* uv.h */,
				E385F4D61F973FC200E26281 /* uv-win.h */,
				E385F4D71F973FC200E26281 /* uv-aix.h */,
				E385F4D81F973FC200E26281 /* uv-errno.h */,
				E385F4D91F973FC200E26281 /* tree.h */,
				E385F4DA1F973FC200E26281 /* uv-os390.h */,
				E385F4DB1F973FC200E26281 /* uv-sunos.h */,
				E385F4DC1F973FC200E26281 /* android-ifaddrs.h */,
				E385F4DD1F973FC200E26281 /* uv-version.h */,
				E385F4DE1F973FC200E26281 /* uv-darwin.h */,
				E385F4DF1F973FC200E26281 /* uv-bsd.h */,
				E385F4E01F973FC200E26281 /* stdint-msvc2008.h */,
				E385F4E11F973FC200E26281 /* uv-linux.h */,
				E385F4E21F973FC200E26281 /* pthread-barrier.h */,
			);
			path = include;
			sourceTree = "<group>";
		};
		E385F4E31F97407200E26281 /* Frameworks */ = {
			isa = PBXGroup;
			children = (
				E37546841FE1555800CEA11C /* libboost_atomic.a */,
				E37546921FE1555800CEA11C /* libboost_chrono.a */,
				E375467F1FE1555700CEA11C /* libboost_container.a */,
				E375469D1FE1555800CEA11C /* libboost_context.a */,
				E375468D1FE1555800CEA11C /* libboost_coroutine.a */,
				E37546931FE1555800CEA11C /* libboost_date_time.a */,
				E375468E1FE1555800CEA11C /* libboost_exception.a */,
				E37546801FE1555800CEA11C /* libboost_filesystem.a */,
				E37546851FE1555800CEA11C /* libboost_graph.a */,
				E37546961FE1555800CEA11C /* libboost_iostreams.a */,
				E375469E1FE1555800CEA11C /* libboost_locale.a */,
				E375468C1FE1555800CEA11C /* libboost_log_setup.a */,
				E37546991FE1555800CEA11C /* libboost_log.a */,
				E375467E1FE1555700CEA11C /* libboost_math_c99.a */,
				E37546811FE1555800CEA11C /* libboost_math_c99f.a */,
				E37546831FE1555800CEA11C /* libboost_math_c99l.a */,
				E37546891FE1555800CEA11C /* libboost_math_tr1.a */,
				E375469B1FE1555800CEA11C /* libboost_math_tr1f.a */,
				E375468F1FE1555800CEA11C /* libboost_math_tr1l.a */,
				E37546861FE1555800CEA11C /* libboost_numpy.a */,
				E37546871FE1555800CEA11C /* libboost_prg_exec_monitor.a */,
				E37546971FE1555800CEA11C /* libboost_program_options.a */,
				E37546941FE1555800CEA11C /* libboost_python.a */,
				E37546951FE1555800CEA11C /* libboost_random.a */,
				E37546981FE1555800CEA11C /* libboost_regex.a */,
				E375468A1FE1555800CEA11C /* libboost_serialization.a */,
				E37546821FE1555800CEA11C /* libboost_signals.a */,
				E37546901FE1555800CEA11C /* libboost_test_exec_monitor.a */,
				E375469A1FE1555800CEA11C /* libboost_thread.a */,
				E375468B1FE1555800CEA11C /* libboost_timer.a */,
				E375469C1FE1555800CEA11C /* libboost_type_erasure.a */,
				E37546911FE1555800CEA11C /* libboost_unit_test_framework.a */,
				E37546881FE1555800CEA11C /* libboost_wave.a */,
				E375467D1FE1555700CEA11C /* libboost_wserialization.a */,
				E375467B1FE152F100CEA11C /* libboost_system.a */,
				E37546771FE152BE00CEA11C /* libcrypto.a */,
				E37546781FE152BE00CEA11C /* libssl.a */,
				E3CB49E31FD45743001EAE67 /* libcpprest.dylib */,
				E3CB49E51FD4579E001EAE67 /* libcpprest.dylib */,
				E385F4E41F97407200E26281 /* network */,
			);
			name = Frameworks;
			sourceTree = "<group>";
		};
		E385F4E41F97407200E26281 /* network */ = {
			isa = PBXGroup;
			children = (
				E385F4E51F97407200E26281 /* libuv */,
				E385F4F91F97407200E26281 /* tcp */,
				E385F50C1F97407200E26281 /* http */,
				E385F50D1F97407200E26281 /* thread */,
			);
			name = network;
			path = anet/network;
			sourceTree = "<group>";
		};
		E385F4E51F97407200E26281 /* libuv */ = {
			isa = PBXGroup;
			children = (
				E385F4E61F97407200E26281 /* include */,
				E385F4F81F97407200E26281 /* libuv.a */,
			);
			path = libuv;
			sourceTree = "<group>";
		};
		E385F4E61F97407200E26281 /* include */ = {
			isa = PBXGroup;
			children = (
				E385F4E71F97407200E26281 /* uv-posix.h */,
				E385F4E81F97407200E26281 /* uv-unix.h */,
				E385F4E91F97407200E26281 /* uv-threadpool.h */,
				E385F4EA1F97407200E26281 /* uv.h */,
				E385F4EB1F97407200E26281 /* uv-win.h */,
				E385F4EC1F97407200E26281 /* uv-aix.h */,
				E385F4ED1F97407200E26281 /* uv-errno.h */,
				E385F4EE1F97407200E26281 /* tree.h */,
				E385F4EF1F97407200E26281 /* uv-os390.h */,
				E385F4F01F97407200E26281 /* uv-sunos.h */,
				E385F4F11F97407200E26281 /* android-ifaddrs.h */,
				E385F4F21F97407200E26281 /* uv-version.h */,
				E385F4F31F97407200E26281 /* uv-darwin.h */,
				E385F4F41F97407200E26281 /* uv-bsd.h */,
				E385F4F51F97407200E26281 /* stdint-msvc2008.h */,
				E385F4F61F97407200E26281 /* uv-linux.h */,
				E385F4F71F97407200E26281 /* pthread-barrier.h */,
			);
			path = include;
			sourceTree = "<group>";
		};
		E385F4F91F97407200E26281 /* tcp */ = {
			isa = PBXGroup;
			children = (
				E385F4FA1F97407200E26281 /* include */,
			);
			path = tcp;
			sourceTree = "<group>";
		};
		E385F4FA1F97407200E26281 /* include */ = {
			isa = PBXGroup;
			children = (
				E385F4FB1F97407200E26281 /* uv-posix.h */,
				E385F4FC1F97407200E26281 /* uv-unix.h */,
				E385F4FD1F97407200E26281 /* uv-threadpool.h */,
				E385F4FE1F97407200E26281 /* uv.h */,
				E385F4FF1F97407200E26281 /* uv-win.h */,
				E385F5001F97407200E26281 /* uv-aix.h */,
				E385F5011F97407200E26281 /* uv-errno.h */,
				E385F5021F97407200E26281 /* tree.h */,
				E385F5031F97407200E26281 /* uv-os390.h */,
				E385F5041F97407200E26281 /* uv-sunos.h */,
				E385F5051F97407200E26281 /* android-ifaddrs.h */,
				E385F5061F97407200E26281 /* uv-version.h */,
				E385F5071F97407200E26281 /* uv-darwin.h */,
				E385F5081F97407200E26281 /* uv-bsd.h */,
				E385F5091F97407200E26281 /* stdint-msvc2008.h */,
				E385F50A1F97407200E26281 /* uv-linux.h */,
				E385F50B1F97407200E26281 /* pthread-barrier.h */,
			);
			path = include;
			sourceTree = "<group>";
		};
		E385F50C1F97407200E26281 /* http */ = {
			isa = PBXGroup;
			children = (
			);
			path = http;
			sourceTree = "<group>";
		};
		E385F50D1F97407200E26281 /* thread */ = {
			isa = PBXGroup;
			children = (
			);
			path = thread;
			sourceTree = "<group>";
		};
		E3CB49E71FD457F4001EAE67 /* cpprest */ = {
			isa = PBXGroup;
			children = (
				E3CB49E81FD457F4001EAE67 /* http_client.h */,
				E3CB49E91FD457F4001EAE67 /* http_headers.h */,
				E3CB49EA1FD457F4001EAE67 /* http_msg.h */,
				E3CB49EB1FD457F4001EAE67 /* producerconsumerstream.h */,
				E3CB49EC1FD457F4001EAE67 /* version.h */,
				E3CB49ED1FD457F4001EAE67 /* streams.h */,
				E3CB49EE1FD457F4001EAE67 /* ws_msg.h */,
				E3CB49EF1FD457F4001EAE67 /* uri.h */,
				E3CB49F01FD457F4001EAE67 /* details */,
				E3CB49FE1FD457F4001EAE67 /* rawptrstream.h */,
				E3CB49FF1FD457F4001EAE67 /* astreambuf.h */,
				E3CB4A001FD457F4001EAE67 /* ws_client.h */,
				E3CB4A011FD457F4001EAE67 /* http_listener.h */,
				E3CB4A021FD457F4001EAE67 /* json.h */,
				E3CB4A031FD457F4001EAE67 /* filestream.h */,
				E3CB4A041FD457F4001EAE67 /* uri_builder.h */,
				E3CB4A051FD457F4001EAE67 /* interopstream.h */,
				E3CB4A061FD457F4001EAE67 /* oauth1.h */,
				E3CB4A071FD457F4001EAE67 /* asyncrt_utils.h */,
				E3CB4A081FD457F4001EAE67 /* oauth2.h */,
				E3CB4A091FD457F4001EAE67 /* base_uri.h */,
				E3CB4A0A1FD457F4001EAE67 /* containerstream.h */,
			);
			path = cpprest;
			sourceTree = "<group>";
		};
		E3CB49F01FD457F4001EAE67 /* details */ = {
			isa = PBXGroup;
			children = (
				E3CB49F11FD457F4001EAE67 /* web_utilities.h */,
				E3CB49F21FD457F4001EAE67 /* http_constants.dat */,
				E3CB49F31FD457F4001EAE67 /* SafeInt3.hpp */,
				E3CB49F41FD457F4001EAE67 /* cpprest_compat.h */,
				E3CB49F51FD457F4001EAE67 /* x509_cert_utilities.h */,
				E3CB49F61FD457F4001EAE67 /* http_server_api.h */,
				E3CB49F71FD457F4001EAE67 /* http_helpers.h */,
				E3CB49F81FD457F4001EAE67 /* resource.h */,
				E3CB49F91FD457F4001EAE67 /* fileio.h */,
				E3CB49FA1FD457F4001EAE67 /* basic_types.h */,
				E3CB49FB1FD457F4001EAE67 /* uri_parser.h */,
				E3CB49FC1FD457F4001EAE67 /* nosal.h */,
				E3CB49FD1FD457F4001EAE67 /* http_server.h */,
			);
			path = details;
			sourceTree = "<group>";
		};
		E3CB4A0B1FD457F4001EAE67 /* pplx */ = {
			isa = PBXGroup;
			children = (
				E3CB4A0C1FD457F4001EAE67 /* pplxlinux.h */,
				E3CB4A0D1FD457F4001EAE67 /* pplxwin.h */,
				E3CB4A0E1FD457F4001EAE67 /* pplxtasks.h */,
				E3CB4A0F1FD457F4001EAE67 /* threadpool.h */,
				E3CB4A101FD457F4001EAE67 /* pplxconv.h */,
				E3CB4A111FD457F4001EAE67 /* pplxinterface.h */,
				E3CB4A121FD457F4001EAE67 /* pplx.h */,
				E3CB4A131FD457F4001EAE67 /* pplxcancellation_token.h */,
			);
			path = pplx;
			sourceTree = "<group>";
		};
/* End PBXGroup section */

/* Begin PBXNativeTarget section */
		E385F3F61F973D5B00E26281 /* anet */ = {
			isa = PBXNativeTarget;
			buildConfigurationList = E385F40B1F973D5B00E26281 /* Build configuration list for PBXNativeTarget "anet" */;
			buildPhases = (
				E385F3F31F973D5B00E26281 /* Sources */,
				E385F3F41F973D5B00E26281 /* Frameworks */,
				E385F3F51F973D5B00E26281 /* Resources */,
			);
			buildRules = (
			);
			dependencies = (
			);
			name = anet;
			productName = anet;
			productReference = E385F3F71F973D5B00E26281 /* anet.app */;
			productType = "com.apple.product-type.application";
		};
/* End PBXNativeTarget section */

/* Begin PBXProject section */
		E385F3EF1F973D5B00E26281 /* Project object */ = {
			isa = PBXProject;
			attributes = {
				LastUpgradeCheck = 0900;
				ORGANIZATIONNAME = "ke liu";
				TargetAttributes = {
					E385F3F61F973D5B00E26281 = {
						CreatedOnToolsVersion = 9.0.1;
						ProvisioningStyle = Automatic;
					};
				};
			};
			buildConfigurationList = E385F3F21F973D5B00E26281 /* Build configuration list for PBXProject "anet" */;
			compatibilityVersion = "Xcode 8.0";
			developmentRegion = en;
			hasScannedForEncodings = 0;
			knownRegions = (
				en,
				Base,
			);
			mainGroup = E385F3EE1F973D5B00E26281;
			productRefGroup = E385F3F81F973D5B00E26281 /* Products */;
			projectDirPath = "";
			projectRoot = "";
			targets = (
				E385F3F61F973D5B00E26281 /* anet */,
			);
		};
/* End PBXProject section */

/* Begin PBXResourcesBuildPhase section */
		E385F3F51F973D5B00E26281 /* Resources */ = {
			isa = PBXResourcesBuildPhase;
			buildActionMask = 2147483647;
			files = (
				E385F4011F973D5B00E26281 /* Assets.xcassets in Resources */,
				E3CB4A141FD457F4001EAE67 /* http_constants.dat in Resources */,
				E385F4041F973D5B00E26281 /* Main.storyboard in Resources */,
				E342FD571FB33CEE00BA7AC1 /* zlib.3.pdf in Resources */,
			);
			runOnlyForDeploymentPostprocessing = 0;
		};
/* End PBXResourcesBuildPhase section */

/* Begin PBXSourcesBuildPhase section */
		E385F3F31F973D5B00E26281 /* Sources */ = {
			isa = PBXSourcesBuildPhase;
			buildActionMask = 2147483647;
			files = (
				E342FD5D1FB33CEE00BA7AC1 /* inftrees.c in Sources */,
				E342FD5B1FB33CEE00BA7AC1 /* infback.c in Sources */,
				E3FA31351F9C61FD00DC851D /* ahttp.cpp in Sources */,
				E342FD5C1FB33CEE00BA7AC1 /* zutil.c in Sources */,
				E342FD641FB33D2500BA7AC1 /* zlib_wrap.cpp in Sources */,
				E385F3FF1F973D5B00E26281 /* ViewController.mm in Sources */,
				E3786C741F98A13A00AD5C88 /* common_callback.cpp in Sources */,
				E342FD591FB33CEE00BA7AC1 /* deflate.c in Sources */,
				E385F4071F973D5B00E26281 /* main.m in Sources */,
				E39A09D91F9CE60900962656 /* string_parser.cpp in Sources */,
				E385F3FC1F973D5B00E26281 /* AppDelegate.m in Sources */,
				6135E635DFA9CE3FE898B8D4 /* uv_wrapper.cpp in Sources */,
				E342FD5A1FB33CEE00BA7AC1 /* crc32.c in Sources */,
				E342FD561FB33CEE00BA7AC1 /* inflate.c in Sources */,
				E342FD611FB33CEE00BA7AC1 /* adler32.c in Sources */,
				E342FD5E1FB33CEE00BA7AC1 /* uncompr.c in Sources */,
				E342FD5F1FB33CEE00BA7AC1 /* trees.c in Sources */,
				E342FD581FB33CEE00BA7AC1 /* compress.c in Sources */,
				E342FD601FB33CEE00BA7AC1 /* inffast.c in Sources */,
				6135E0F4A833755B2BCAA7A3 /* case_insensitive_map.cpp in Sources */,
				6135E438D3BD009B06FAD4FE /* char_array.cpp in Sources */,
				6135EF0C82C54E698B5C34C8 /* ssl_shake.cpp in Sources */,
				6135E548D2903E56BAE7863D /* log.cpp in Sources */,
				6135E7ACAAFA26C0779BA691 /* local_proxy.cpp in Sources */,
			);
			runOnlyForDeploymentPostprocessing = 0;
		};
/* End PBXSourcesBuildPhase section */

/* Begin PBXVariantGroup section */
		E385F4021F973D5B00E26281 /* Main.storyboard */ = {
			isa = PBXVariantGroup;
			children = (
				E385F4031F973D5B00E26281 /* Base */,
			);
			name = Main.storyboard;
			sourceTree = "<group>";
		};
/* End PBXVariantGroup section */

/* Begin XCBuildConfiguration section */
		E385F4091F973D5B00E26281 /* Debug */ = {
			isa = XCBuildConfiguration;
			buildSettings = {
				ALWAYS_SEARCH_USER_PATHS = NO;
				CLANG_ANALYZER_NONNULL = YES;
				CLANG_ANALYZER_NUMBER_OBJECT_CONVERSION = YES_AGGRESSIVE;
				CLANG_CXX_LANGUAGE_STANDARD = "gnu++14";
				CLANG_CXX_LIBRARY = "libc++";
				CLANG_ENABLE_MODULES = YES;
				CLANG_ENABLE_OBJC_ARC = YES;
				CLANG_WARN_BLOCK_CAPTURE_AUTORELEASING = YES;
				CLANG_WARN_BOOL_CONVERSION = YES;
				CLANG_WARN_COMMA = YES;
				CLANG_WARN_CONSTANT_CONVERSION = YES;
				CLANG_WARN_DIRECT_OBJC_ISA_USAGE = YES_ERROR;
				CLANG_WARN_DOCUMENTATION_COMMENTS = YES;
				CLANG_WARN_EMPTY_BODY = YES;
				CLANG_WARN_ENUM_CONVERSION = YES;
				CLANG_WARN_INFINITE_RECURSION = YES;
				CLANG_WARN_INT_CONVERSION = YES;
				CLANG_WARN_NON_LITERAL_NULL_CONVERSION = YES;
				CLANG_WARN_OBJC_LITERAL_CONVERSION = YES;
				CLANG_WARN_OBJC_ROOT_CLASS = YES_ERROR;
				CLANG_WARN_RANGE_LOOP_ANALYSIS = YES;
				CLANG_WARN_STRICT_PROTOTYPES = YES;
				CLANG_WARN_SUSPICIOUS_MOVE = YES;
				CLANG_WARN_UNGUARDED_AVAILABILITY = YES_AGGRESSIVE;
				CLANG_WARN_UNREACHABLE_CODE = YES;
				CLANG_WARN__DUPLICATE_METHOD_MATCH = YES;
				CODE_SIGN_IDENTITY = "-";
				COPY_PHASE_STRIP = NO;
				DEBUG_INFORMATION_FORMAT = dwarf;
				ENABLE_STRICT_OBJC_MSGSEND = YES;
				ENABLE_TESTABILITY = YES;
				GCC_C_LANGUAGE_STANDARD = gnu11;
				GCC_DYNAMIC_NO_PIC = NO;
				GCC_NO_COMMON_BLOCKS = YES;
				GCC_OPTIMIZATION_LEVEL = 0;
				GCC_PREPROCESSOR_DEFINITIONS = (
					"DEBUG=1",
					"$(inherited)",
				);
				GCC_WARN_64_TO_32_BIT_CONVERSION = YES;
				GCC_WARN_ABOUT_RETURN_TYPE = YES_ERROR;
				GCC_WARN_UNDECLARED_SELECTOR = YES;
				GCC_WARN_UNINITIALIZED_AUTOS = YES_AGGRESSIVE;
				GCC_WARN_UNUSED_FUNCTION = YES;
				GCC_WARN_UNUSED_VARIABLE = YES;
				MACOSX_DEPLOYMENT_TARGET = 10.13;
				MTL_ENABLE_DEBUG_INFO = YES;
				ONLY_ACTIVE_ARCH = YES;
				SDKROOT = macosx;
			};
			name = Debug;
		};
		E385F40A1F973D5B00E26281 /* Release */ = {
			isa = XCBuildConfiguration;
			buildSettings = {
				ALWAYS_SEARCH_USER_PATHS = NO;
				CLANG_ANALYZER_NONNULL = YES;
				CLANG_ANALYZER_NUMBER_OBJECT_CONVERSION = YES_AGGRESSIVE;
				CLANG_CXX_LANGUAGE_STANDARD = "gnu++14";
				CLANG_CXX_LIBRARY = "libc++";
				CLANG_ENABLE_MODULES = YES;
				CLANG_ENABLE_OBJC_ARC = YES;
				CLANG_WARN_BLOCK_CAPTURE_AUTORELEASING = YES;
				CLANG_WARN_BOOL_CONVERSION = YES;
				CLANG_WARN_COMMA = YES;
				CLANG_WARN_CONSTANT_CONVERSION = YES;
				CLANG_WARN_DIRECT_OBJC_ISA_USAGE = YES_ERROR;
				CLANG_WARN_DOCUMENTATION_COMMENTS = YES;
				CLANG_WARN_EMPTY_BODY = YES;
				CLANG_WARN_ENUM_CONVERSION = YES;
				CLANG_WARN_INFINITE_RECURSION = YES;
				CLANG_WARN_INT_CONVERSION = YES;
				CLANG_WARN_NON_LITERAL_NULL_CONVERSION = YES;
				CLANG_WARN_OBJC_LITERAL_CONVERSION = YES;
				CLANG_WARN_OBJC_ROOT_CLASS = YES_ERROR;
				CLANG_WARN_RANGE_LOOP_ANALYSIS = YES;
				CLANG_WARN_STRICT_PROTOTYPES = YES;
				CLANG_WARN_SUSPICIOUS_MOVE = YES;
				CLANG_WARN_UNGUARDED_AVAILABILITY = YES_AGGRESSIVE;
				CLANG_WARN_UNREACHABLE_CODE = YES;
				CLANG_WARN__DUPLICATE_METHOD_MATCH = YES;
				CODE_SIGN_IDENTITY = "-";
				COPY_PHASE_STRIP = NO;
				DEBUG_INFORMATION_FORMAT = "dwarf-with-dsym";
				ENABLE_NS_ASSERTIONS = NO;
				ENABLE_STRICT_OBJC_MSGSEND = YES;
				GCC_C_LANGUAGE_STANDARD = gnu11;
				GCC_NO_COMMON_BLOCKS = YES;
				GCC_WARN_64_TO_32_BIT_CONVERSION = YES;
				GCC_WARN_ABOUT_RETURN_TYPE = YES_ERROR;
				GCC_WARN_UNDECLARED_SELECTOR = YES;
				GCC_WARN_UNINITIALIZED_AUTOS = YES_AGGRESSIVE;
				GCC_WARN_UNUSED_FUNCTION = YES;
				GCC_WARN_UNUSED_VARIABLE = YES;
				MACOSX_DEPLOYMENT_TARGET = 10.13;
				MTL_ENABLE_DEBUG_INFO = NO;
				SDKROOT = macosx;
			};
			name = Release;
		};
		E385F40C1F973D5B00E26281 /* Debug */ = {
			isa = XCBuildConfiguration;
			buildSettings = {
				ASSETCATALOG_COMPILER_APPICON_NAME = AppIcon;
				CODE_SIGN_ENTITLEMENTS = anet/anet.entitlements;
				CODE_SIGN_STYLE = Automatic;
				COMBINE_HIDPI_IMAGES = YES;
				HEADER_SEARCH_PATHS = (
					/Users/keliu/workspace/plan9/3rd/boost_1_63_0,
					"$(PROJECT_DIR)/anet/",
					/usr/local/opt/openssl/include,
				);
				INFOPLIST_FILE = anet/Info.plist;
				LD_RUNPATH_SEARCH_PATHS = "$(inherited) @executable_path/../Frameworks";
				LIBRARY_SEARCH_PATHS = (
					"$(inherited)",
					"$(PROJECT_DIR)/anet/network/libuv",
					"$(PROJECT_DIR)/anet/cpprest/lib",
					"$(PROJECT_DIR)/anet/lib",
					/Users/keliu/workspace/plan9/3rd/boost_1_63_0/lib,
					/usr/local/opt/openssl/lib,
					/usr/local/Cellar/openssl/1.0.2m/lib,
				);
				PRODUCT_BUNDLE_IDENTIFIER = GZ.anet;
				PRODUCT_NAME = "$(TARGET_NAME)";
			};
			name = Debug;
		};
		E385F40D1F973D5B00E26281 /* Release */ = {
			isa = XCBuildConfiguration;
			buildSettings = {
				ASSETCATALOG_COMPILER_APPICON_NAME = AppIcon;
				CODE_SIGN_ENTITLEMENTS = anet/anet.entitlements;
				CODE_SIGN_STYLE = Automatic;
				COMBINE_HIDPI_IMAGES = YES;
				HEADER_SEARCH_PATHS = (
					/Users/keliu/workspace/plan9/3rd/boost_1_63_0,
					"$(PROJECT_DIR)/anet/",
					/usr/local/opt/openssl/include,
				);
				INFOPLIST_FILE = anet/Info.plist;
				LD_RUNPATH_SEARCH_PATHS = "$(inherited) @executable_path/../Frameworks";
				LIBRARY_SEARCH_PATHS = (
					"$(inherited)",
					"$(PROJECT_DIR)/anet/network/libuv",
					"$(PROJECT_DIR)/anet/cpprest/lib",
					"$(PROJECT_DIR)/anet/lib",
					/Users/keliu/workspace/plan9/3rd/boost_1_63_0/lib,
					/usr/local/opt/openssl/lib,
					/usr/local/Cellar/openssl/1.0.2m/lib,
				);
				PRODUCT_BUNDLE_IDENTIFIER = GZ.anet;
				PRODUCT_NAME = "$(TARGET_NAME)";
			};
			name = Release;
		};
/* End XCBuildConfiguration section */

/* Begin XCConfigurationList section */
		E385F3F21F973D5B00E26281 /* Build configuration list for PBXProject "anet" */ = {
			isa = XCConfigurationList;
			buildConfigurations = (
				E385F4091F973D5B00E26281 /* Debug */,
				E385F40A1F973D5B00E26281 /* Release */,
			);
			defaultConfigurationIsVisible = 0;
			defaultConfigurationName = Release;
		};
		E385F40B1F973D5B00E26281 /* Build configuration list for PBXNativeTarget "anet" */ = {
			isa = XCConfigurationList;
			buildConfigurations = (
				E385F40C1F973D5B00E26281 /* Debug */,
				E385F40D1F973D5B00E26281 /* Release */,
			);
			defaultConfigurationIsVisible = 0;
			defaultConfigurationName = Release;
		};
/* End XCConfigurationList section */
	};
	rootObject = E385F3EF1F973D5B00E26281 /* Project object */;
}
