// !$*UTF8*$!
{
	archiveVersion = 1;
	classes = {
	};
	objectVersion = 48;
	objects = {

/* Begin PBXBuildFile section */
		6135E0704905495D79D4ACC6 /* state_machine.cpp in Sources */ = {isa = PBXBuildFile; fileRef = 6135E6FA686727CA6DC09FB7 /* state_machine.cpp */; };
		6135E2329F818430C4788913 /* infback.c in Sources */ = {isa = PBXBuildFile; fileRef = 6135EBBB58ABD03813ADD962 /* infback.c */; };
		6135E29F22CCC52E7AB1D00D /* ahttp.cpp in Sources */ = {isa = PBXBuildFile; fileRef = 6135E63BA9AA1D63874FEED6 /* ahttp.cpp */; };
		6135E38D218DD8B1284044D2 /* adler32.c in Sources */ = {isa = PBXBuildFile; fileRef = 6135ECCDA384D098AFDEE996 /* adler32.c */; };
		6135E3AC9DDE68D54172359C /* inffast.c in Sources */ = {isa = PBXBuildFile; fileRef = 6135E7FC24274F97C3677DB8 /* inffast.c */; };
		6135E4C52B8D4B326D6A532F /* zutil.c in Sources */ = {isa = PBXBuildFile; fileRef = 6135E1080CAD0EBC7579F1FB /* zutil.c */; };
		6135E5ADCC043618051FA3AE /* uncompr.c in Sources */ = {isa = PBXBuildFile; fileRef = 6135E7B61D407B3A68DEFDBF /* uncompr.c */; };
		6135E5B46511E098412FF379 /* compress.c in Sources */ = {isa = PBXBuildFile; fileRef = 6135EC5ECD715781DD1A95C6 /* compress.c */; };
		6135E6A02E0B0067373D5FBF /* ahttp1.cpp in Sources */ = {isa = PBXBuildFile; fileRef = 6135E9CDC49549AF592A812A /* ahttp1.cpp */; };
		6135E7CB7AD6C34128D8AA83 /* local_proxy.cpp in Sources */ = {isa = PBXBuildFile; fileRef = 6135EA06C47F575C22D03417 /* local_proxy.cpp */; };
		6135E807623AB896AE62D8A1 /* uv_wrapper.cpp in Sources */ = {isa = PBXBuildFile; fileRef = 6135EC24207771F8A588E1A7 /* uv_wrapper.cpp */; };
		6135E86C6F5D58B5ED0D7637 /* inftrees.c in Sources */ = {isa = PBXBuildFile; fileRef = 6135EC0474124F12C0C8250E /* inftrees.c */; };
		6135E8ACE1B4C502D1375629 /* trees.c in Sources */ = {isa = PBXBuildFile; fileRef = 6135E1CEABCFC86B40D9561C /* trees.c */; };
		6135E8C3501E21C950CDE95C /* zlib.3.pdf in Resources */ = {isa = PBXBuildFile; fileRef = 6135E73A9399468DC953FDA9 /* zlib.3.pdf */; };
		6135E8EF00F6D9509EF512FF /* char_array.cpp in Sources */ = {isa = PBXBuildFile; fileRef = 6135E49D0B23C78A91DF46EA /* char_array.cpp */; };
		6135E906A8CBEE93424CA5E8 /* case_insensitive_map.cpp in Sources */ = {isa = PBXBuildFile; fileRef = 6135E22292379A0379389C53 /* case_insensitive_map.cpp */; };
		6135E937C3AD6532557D12AE /* common_callback.cpp in Sources */ = {isa = PBXBuildFile; fileRef = 6135E5B23DF793728FF8C884 /* common_callback.cpp */; };
		6135E9D4A24C9AE1FFF65F2B /* ssl_shake.cpp in Sources */ = {isa = PBXBuildFile; fileRef = 6135E614621400B6DED36667 /* ssl_shake.cpp */; };
		6135EAD03B928A0749DCEB7A /* zlib_wrap.cpp in Sources */ = {isa = PBXBuildFile; fileRef = 6135E8F538475A8DA976F7C8 /* zlib_wrap.cpp */; };
		6135EB0294E14FF80B7FCA65 /* string_parser.cpp in Sources */ = {isa = PBXBuildFile; fileRef = 6135EA5EF5704B44FE480900 /* string_parser.cpp */; };
		6135EB26638E389A9BED92D7 /* log.cpp in Sources */ = {isa = PBXBuildFile; fileRef = 6135EC1B25AAC197290954FC /* log.cpp */; };
		6135EB6BE72841AE72CF4928 /* inflate.c in Sources */ = {isa = PBXBuildFile; fileRef = 6135EE4994A8B19122AB6B6D /* inflate.c */; };
		6135EB9CCD604A58DABFE417 /* deflate.c in Sources */ = {isa = PBXBuildFile; fileRef = 6135E9168C1F8F727C38A2D3 /* deflate.c */; };
		6135EC9A75D7E1BBCD52CF9A /* err.cpp in Sources */ = {isa = PBXBuildFile; fileRef = 6135E249C7C97F5AFFD1D041 /* err.cpp */; };
		6135ED3087CB8729C70BBE65 /* ping.cpp in Sources */ = {isa = PBXBuildFile; fileRef = 6135E8F90876AD42F14334A5 /* ping.cpp */; };
		6135EDE12B37C12757721F88 /* cert.cpp in Sources */ = {isa = PBXBuildFile; fileRef = 6135E1280430BD9721D73900 /* cert.cpp */; };
		6135EE7A2A200CFDB0C0FCAF /* crc32.c in Sources */ = {isa = PBXBuildFile; fileRef = 6135E2F805E3A125399D902C /* crc32.c */; };
		E35C8AEF2020718A00676FC4 /* libssl.a in Frameworks */ = {isa = PBXBuildFile; fileRef = E35C8AEC2020718A00676FC4 /* libssl.a */; };
		E35C8AF02020718A00676FC4 /* libcrypto.a in Frameworks */ = {isa = PBXBuildFile; fileRef = E35C8AED2020718A00676FC4 /* libcrypto.a */; };
		E35C8AF12020718A00676FC4 /* libuv.a in Frameworks */ = {isa = PBXBuildFile; fileRef = E35C8AEE2020718A00676FC4 /* libuv.a */; };
		E385F3FC1F973D5B00E26281 /* AppDelegate.m in Sources */ = {isa = PBXBuildFile; fileRef = E385F3FB1F973D5B00E26281 /* AppDelegate.m */; };
		E385F3FF1F973D5B00E26281 /* ViewController.mm in Sources */ = {isa = PBXBuildFile; fileRef = E385F3FE1F973D5B00E26281 /* ViewController.mm */; };
		E385F4011F973D5B00E26281 /* Assets.xcassets in Resources */ = {isa = PBXBuildFile; fileRef = E385F4001F973D5B00E26281 /* Assets.xcassets */; };
		E385F4041F973D5B00E26281 /* Main.storyboard in Resources */ = {isa = PBXBuildFile; fileRef = E385F4021F973D5B00E26281 /* Main.storyboard */; };
		E385F4071F973D5B00E26281 /* main.m in Sources */ = {isa = PBXBuildFile; fileRef = E385F4061F973D5B00E26281 /* main.m */; };
/* End PBXBuildFile section */

/* Begin PBXFileReference section */
		6135E0A13819ECF4ADBF3026 /* tree.h */ = {isa = PBXFileReference; fileEncoding = 4; lastKnownFileType = sourcecode.c.h; path = tree.h; sourceTree = "<group>"; };
		6135E0E434BDB7B498A544AA /* local_proxy.h */ = {isa = PBXFileReference; fileEncoding = 4; lastKnownFileType = sourcecode.c.h; path = local_proxy.h; sourceTree = "<group>"; };
		6135E1080CAD0EBC7579F1FB /* zutil.c */ = {isa = PBXFileReference; fileEncoding = 4; lastKnownFileType = sourcecode.c.c; path = zutil.c; sourceTree = "<group>"; };
		6135E1280430BD9721D73900 /* cert.cpp */ = {isa = PBXFileReference; fileEncoding = 4; lastKnownFileType = sourcecode.cpp.cpp; path = cert.cpp; sourceTree = "<group>"; };
		6135E18A578CDFBE666FDC44 /* uv-threadpool.h */ = {isa = PBXFileReference; fileEncoding = 4; lastKnownFileType = sourcecode.c.h; path = "uv-threadpool.h"; sourceTree = "<group>"; };
		6135E19805D06F86E3BE3ABD /* ping.h */ = {isa = PBXFileReference; fileEncoding = 4; lastKnownFileType = sourcecode.c.h; path = ping.h; sourceTree = "<group>"; };
		6135E1CEABCFC86B40D9561C /* trees.c */ = {isa = PBXFileReference; fileEncoding = 4; lastKnownFileType = sourcecode.c.c; path = trees.c; sourceTree = "<group>"; };
		6135E1E76EDF7DA4A3C46025 /* uv-errno.h */ = {isa = PBXFileReference; fileEncoding = 4; lastKnownFileType = sourcecode.c.h; path = "uv-errno.h"; sourceTree = "<group>"; };
		6135E1F31C03C749C52DDB1F /* uv-os390.h */ = {isa = PBXFileReference; fileEncoding = 4; lastKnownFileType = sourcecode.c.h; path = "uv-os390.h"; sourceTree = "<group>"; };
		6135E22292379A0379389C53 /* case_insensitive_map.cpp */ = {isa = PBXFileReference; fileEncoding = 4; lastKnownFileType = sourcecode.cpp.cpp; path = case_insensitive_map.cpp; sourceTree = "<group>"; };
		6135E249C7C97F5AFFD1D041 /* err.cpp */ = {isa = PBXFileReference; fileEncoding = 4; lastKnownFileType = sourcecode.cpp.cpp; path = err.cpp; sourceTree = "<group>"; };
		6135E28495D9F8825FF7FDC5 /* ssl_shake.h */ = {isa = PBXFileReference; fileEncoding = 4; lastKnownFileType = sourcecode.c.h; path = ssl_shake.h; sourceTree = "<group>"; };
		6135E2F805E3A125399D902C /* crc32.c */ = {isa = PBXFileReference; fileEncoding = 4; lastKnownFileType = sourcecode.c.c; path = crc32.c; sourceTree = "<group>"; };
		6135E308A0536DE703242275 /* tri_bool.h */ = {isa = PBXFileReference; fileEncoding = 4; lastKnownFileType = sourcecode.c.h; path = tri_bool.h; sourceTree = "<group>"; };
		6135E34B4C2DF93292FA261E /* uv.h */ = {isa = PBXFileReference; fileEncoding = 4; lastKnownFileType = sourcecode.c.h; path = uv.h; sourceTree = "<group>"; };
		6135E3AC8FF44CE69B6171F5 /* zutil.h */ = {isa = PBXFileReference; fileEncoding = 4; lastKnownFileType = sourcecode.c.h; path = zutil.h; sourceTree = "<group>"; };
		6135E4131715A56FF1D1CD3D /* log.h */ = {isa = PBXFileReference; fileEncoding = 4; lastKnownFileType = sourcecode.c.h; path = log.h; sourceTree = "<group>"; };
		6135E446D15E53D9CFD266AF /* crc32.h */ = {isa = PBXFileReference; fileEncoding = 4; lastKnownFileType = sourcecode.c.h; path = crc32.h; sourceTree = "<group>"; };
		6135E47FAA5C58822208F35D /* uv-linux.h */ = {isa = PBXFileReference; fileEncoding = 4; lastKnownFileType = sourcecode.c.h; path = "uv-linux.h"; sourceTree = "<group>"; };
		6135E49D0B23C78A91DF46EA /* char_array.cpp */ = {isa = PBXFileReference; fileEncoding = 4; lastKnownFileType = sourcecode.cpp.cpp; path = char_array.cpp; sourceTree = "<group>"; };
		6135E4C508933350D41AF99C /* string_parser.hpp */ = {isa = PBXFileReference; fileEncoding = 4; lastKnownFileType = sourcecode.cpp.h; path = string_parser.hpp; sourceTree = "<group>"; };
		6135E569526F5283FC61A372 /* zlib.h */ = {isa = PBXFileReference; fileEncoding = 4; lastKnownFileType = sourcecode.c.h; path = zlib.h; sourceTree = "<group>"; };
		6135E5B23DF793728FF8C884 /* common_callback.cpp */ = {isa = PBXFileReference; fileEncoding = 4; lastKnownFileType = sourcecode.cpp.cpp; path = common_callback.cpp; sourceTree = "<group>"; };
		6135E5BC748BC3C27D073237 /* common_callback.hpp */ = {isa = PBXFileReference; fileEncoding = 4; lastKnownFileType = sourcecode.cpp.h; path = common_callback.hpp; sourceTree = "<group>"; };
		6135E614621400B6DED36667 /* ssl_shake.cpp */ = {isa = PBXFileReference; fileEncoding = 4; lastKnownFileType = sourcecode.cpp.cpp; path = ssl_shake.cpp; sourceTree = "<group>"; };
		6135E63BA9AA1D63874FEED6 /* ahttp.cpp */ = {isa = PBXFileReference; fileEncoding = 4; lastKnownFileType = sourcecode.cpp.cpp; path = ahttp.cpp; sourceTree = "<group>"; };
		6135E69958027FC48A2245D4 /* uv-version.h */ = {isa = PBXFileReference; fileEncoding = 4; lastKnownFileType = sourcecode.c.h; path = "uv-version.h"; sourceTree = "<group>"; };
		6135E6FA686727CA6DC09FB7 /* state_machine.cpp */ = {isa = PBXFileReference; fileEncoding = 4; lastKnownFileType = sourcecode.cpp.cpp; path = state_machine.cpp; sourceTree = "<group>"; };
		6135E70C7D65FF202D01F7F1 /* inffast.h */ = {isa = PBXFileReference; fileEncoding = 4; lastKnownFileType = sourcecode.c.h; path = inffast.h; sourceTree = "<group>"; };
		6135E70DF26F644626BE2741 /* err.h */ = {isa = PBXFileReference; fileEncoding = 4; lastKnownFileType = sourcecode.c.h; path = err.h; sourceTree = "<group>"; };
		6135E73A9399468DC953FDA9 /* zlib.3.pdf */ = {isa = PBXFileReference; lastKnownFileType = image.pdf; path = zlib.3.pdf; sourceTree = "<group>"; };
		6135E7A10DD6ADA2BAAAAF24 /* cert.h */ = {isa = PBXFileReference; fileEncoding = 4; lastKnownFileType = sourcecode.c.h; path = cert.h; sourceTree = "<group>"; };
		6135E7B61D407B3A68DEFDBF /* uncompr.c */ = {isa = PBXFileReference; fileEncoding = 4; lastKnownFileType = sourcecode.c.c; path = uncompr.c; sourceTree = "<group>"; };
		6135E7C79A9FA933F2B1015E /* android-ifaddrs.h */ = {isa = PBXFileReference; fileEncoding = 4; lastKnownFileType = sourcecode.c.h; path = "android-ifaddrs.h"; sourceTree = "<group>"; };
		6135E7FC24274F97C3677DB8 /* inffast.c */ = {isa = PBXFileReference; fileEncoding = 4; lastKnownFileType = sourcecode.c.c; path = inffast.c; sourceTree = "<group>"; };
		6135E8A1FF67BD7F03564A37 /* uv-bsd.h */ = {isa = PBXFileReference; fileEncoding = 4; lastKnownFileType = sourcecode.c.h; path = "uv-bsd.h"; sourceTree = "<group>"; };
		6135E8F538475A8DA976F7C8 /* zlib_wrap.cpp */ = {isa = PBXFileReference; fileEncoding = 4; lastKnownFileType = sourcecode.cpp.cpp; path = zlib_wrap.cpp; sourceTree = "<group>"; };
		6135E8F90876AD42F14334A5 /* ping.cpp */ = {isa = PBXFileReference; fileEncoding = 4; lastKnownFileType = sourcecode.cpp.cpp; path = ping.cpp; sourceTree = "<group>"; };
		6135E90ACC0D741DCFA21BA2 /* case_insensitive_map.h */ = {isa = PBXFileReference; fileEncoding = 4; lastKnownFileType = sourcecode.c.h; path = case_insensitive_map.h; sourceTree = "<group>"; };
		6135E9168C1F8F727C38A2D3 /* deflate.c */ = {isa = PBXFileReference; fileEncoding = 4; lastKnownFileType = sourcecode.c.c; path = deflate.c; sourceTree = "<group>"; };
		6135E9C91BF56195E759C089 /* ahttp1.h */ = {isa = PBXFileReference; fileEncoding = 4; lastKnownFileType = sourcecode.c.h; path = ahttp1.h; sourceTree = "<group>"; };
		6135E9CDC49549AF592A812A /* ahttp1.cpp */ = {isa = PBXFileReference; fileEncoding = 4; lastKnownFileType = sourcecode.cpp.cpp; path = ahttp1.cpp; sourceTree = "<group>"; };
		6135E9F78DA32F4711760C76 /* inftrees.h */ = {isa = PBXFileReference; fileEncoding = 4; lastKnownFileType = sourcecode.c.h; path = inftrees.h; sourceTree = "<group>"; };
		6135EA06C47F575C22D03417 /* local_proxy.cpp */ = {isa = PBXFileReference; fileEncoding = 4; lastKnownFileType = sourcecode.cpp.cpp; path = local_proxy.cpp; sourceTree = "<group>"; };
		6135EA5EF5704B44FE480900 /* string_parser.cpp */ = {isa = PBXFileReference; fileEncoding = 4; lastKnownFileType = sourcecode.cpp.cpp; path = string_parser.cpp; sourceTree = "<group>"; };
		6135EA8D58B1AA26BC36F31B /* ahttp.hpp */ = {isa = PBXFileReference; fileEncoding = 4; lastKnownFileType = sourcecode.cpp.h; path = ahttp.hpp; sourceTree = "<group>"; };
		6135EA9FF30C8AC80CE228B0 /* uv-sunos.h */ = {isa = PBXFileReference; fileEncoding = 4; lastKnownFileType = sourcecode.c.h; path = "uv-sunos.h"; sourceTree = "<group>"; };
		6135EB4063655203422989D3 /* uv-unix.h */ = {isa = PBXFileReference; fileEncoding = 4; lastKnownFileType = sourcecode.c.h; path = "uv-unix.h"; sourceTree = "<group>"; };
		6135EB4DE0C124E5C9CC1023 /* deflate.h */ = {isa = PBXFileReference; fileEncoding = 4; lastKnownFileType = sourcecode.c.h; path = deflate.h; sourceTree = "<group>"; };
		6135EBB3503DE10470554505 /* zconf.h */ = {isa = PBXFileReference; fileEncoding = 4; lastKnownFileType = sourcecode.c.h; path = zconf.h; sourceTree = "<group>"; };
		6135EBBB58ABD03813ADD962 /* infback.c */ = {isa = PBXFileReference; fileEncoding = 4; lastKnownFileType = sourcecode.c.c; path = infback.c; sourceTree = "<group>"; };
		6135EC0474124F12C0C8250E /* inftrees.c */ = {isa = PBXFileReference; fileEncoding = 4; lastKnownFileType = sourcecode.c.c; path = inftrees.c; sourceTree = "<group>"; };
		6135EC17305FA84063FF7846 /* inffixed.h */ = {isa = PBXFileReference; fileEncoding = 4; lastKnownFileType = sourcecode.c.h; path = inffixed.h; sourceTree = "<group>"; };
		6135EC1B25AAC197290954FC /* log.cpp */ = {isa = PBXFileReference; fileEncoding = 4; lastKnownFileType = sourcecode.cpp.cpp; path = log.cpp; sourceTree = "<group>"; };
		6135EC24207771F8A588E1A7 /* uv_wrapper.cpp */ = {isa = PBXFileReference; fileEncoding = 4; lastKnownFileType = sourcecode.cpp.cpp; path = uv_wrapper.cpp; sourceTree = "<group>"; };
		6135EC3A8CDFEC8EA673BD4C /* inflate.h */ = {isa = PBXFileReference; fileEncoding = 4; lastKnownFileType = sourcecode.c.h; path = inflate.h; sourceTree = "<group>"; };
		6135EC3C554E4E61621624B0 /* trees.h */ = {isa = PBXFileReference; fileEncoding = 4; lastKnownFileType = sourcecode.c.h; path = trees.h; sourceTree = "<group>"; };
		6135EC5ECD715781DD1A95C6 /* compress.c */ = {isa = PBXFileReference; fileEncoding = 4; lastKnownFileType = sourcecode.c.c; path = compress.c; sourceTree = "<group>"; };
		6135EC98B84A031F0D4CEE86 /* traits.h */ = {isa = PBXFileReference; fileEncoding = 4; lastKnownFileType = sourcecode.c.h; path = traits.h; sourceTree = "<group>"; };
		6135ECCDA384D098AFDEE996 /* adler32.c */ = {isa = PBXFileReference; fileEncoding = 4; lastKnownFileType = sourcecode.c.c; path = adler32.c; sourceTree = "<group>"; };
		6135ECED39D134C4CFAAE3DB /* state_machine.h */ = {isa = PBXFileReference; fileEncoding = 4; lastKnownFileType = sourcecode.c.h; path = state_machine.h; sourceTree = "<group>"; };
		6135ED3D8241EC7D03CFC033 /* common_callback_err_wrapper.h */ = {isa = PBXFileReference; fileEncoding = 4; lastKnownFileType = sourcecode.c.h; path = common_callback_err_wrapper.h; sourceTree = "<group>"; };
		6135ED6505ED632702FF1069 /* uv-aix.h */ = {isa = PBXFileReference; fileEncoding = 4; lastKnownFileType = sourcecode.c.h; path = "uv-aix.h"; sourceTree = "<group>"; };
		6135ED7DE90A4511432CAC44 /* uv-darwin.h */ = {isa = PBXFileReference; fileEncoding = 4; lastKnownFileType = sourcecode.c.h; path = "uv-darwin.h"; sourceTree = "<group>"; };
		6135EDDF7A9EA9B78C06C1D2 /* pthread-barrier.h */ = {isa = PBXFileReference; fileEncoding = 4; lastKnownFileType = sourcecode.c.h; path = "pthread-barrier.h"; sourceTree = "<group>"; };
		6135EDE57E72809485BFA654 /* uv_wrapper.hpp */ = {isa = PBXFileReference; fileEncoding = 4; lastKnownFileType = sourcecode.cpp.h; path = uv_wrapper.hpp; sourceTree = "<group>"; };
		6135EE4994A8B19122AB6B6D /* inflate.c */ = {isa = PBXFileReference; fileEncoding = 4; lastKnownFileType = sourcecode.c.c; path = inflate.c; sourceTree = "<group>"; };
		6135EE4F27DC51E06988B3CA /* uv-win.h */ = {isa = PBXFileReference; fileEncoding = 4; lastKnownFileType = sourcecode.c.h; path = "uv-win.h"; sourceTree = "<group>"; };
		6135EEA1A0B2EE5A709F017F /* stdint-msvc2008.h */ = {isa = PBXFileReference; fileEncoding = 4; lastKnownFileType = sourcecode.c.h; path = "stdint-msvc2008.h"; sourceTree = "<group>"; };
		6135EEEA958591E55ED08EC5 /* char_array.h */ = {isa = PBXFileReference; fileEncoding = 4; lastKnownFileType = sourcecode.c.h; path = char_array.h; sourceTree = "<group>"; };
		6135EF0FE20557F8D22C40D7 /* uv-posix.h */ = {isa = PBXFileReference; fileEncoding = 4; lastKnownFileType = sourcecode.c.h; path = "uv-posix.h"; sourceTree = "<group>"; };
		6135EF19D7E3B5D3A6981368 /* zlib_wrap.hpp */ = {isa = PBXFileReference; fileEncoding = 4; lastKnownFileType = sourcecode.cpp.h; path = zlib_wrap.hpp; sourceTree = "<group>"; };
		E35C8AEC2020718A00676FC4 /* libssl.a */ = {isa = PBXFileReference; lastKnownFileType = archive.ar; name = libssl.a; path = anet/lib/libssl.a; sourceTree = "<group>"; };
		E35C8AED2020718A00676FC4 /* libcrypto.a */ = {isa = PBXFileReference; lastKnownFileType = archive.ar; name = libcrypto.a; path = anet/lib/libcrypto.a; sourceTree = "<group>"; };
		E35C8AEE2020718A00676FC4 /* libuv.a */ = {isa = PBXFileReference; lastKnownFileType = archive.ar; name = libuv.a; path = anet/lib/libuv.a; sourceTree = "<group>"; };
		E37546771FE152BE00CEA11C /* libcrypto.a */ = {isa = PBXFileReference; lastKnownFileType = archive.ar; name = libcrypto.a; path = ../../../../../usr/local/Cellar/openssl/1.0.2m/lib/libcrypto.a; sourceTree = "<group>"; };
		E37546781FE152BE00CEA11C /* libssl.a */ = {isa = PBXFileReference; lastKnownFileType = archive.ar; name = libssl.a; path = ../../../../../usr/local/Cellar/openssl/1.0.2m/lib/libssl.a; sourceTree = "<group>"; };
		E375467B1FE152F100CEA11C /* libboost_system.a */ = {isa = PBXFileReference; lastKnownFileType = archive.ar; name = libboost_system.a; path = ../../plan9/3rd/boost_1_63_0/lib/libboost_system.a; sourceTree = "<group>"; };
		E375467D1FE1555700CEA11C /* libboost_wserialization.a */ = {isa = PBXFileReference; lastKnownFileType = archive.ar; name = libboost_wserialization.a; path = ../../plan9/3rd/boost_1_63_0/lib/libboost_wserialization.a; sourceTree = "<group>"; };
		E375467E1FE1555700CEA11C /* libboost_math_c99.a */ = {isa = PBXFileReference; lastKnownFileType = archive.ar; name = libboost_math_c99.a; path = ../../plan9/3rd/boost_1_63_0/lib/libboost_math_c99.a; sourceTree = "<group>"; };
		E375467F1FE1555700CEA11C /* libboost_container.a */ = {isa = PBXFileReference; lastKnownFileType = archive.ar; name = libboost_container.a; path = ../../plan9/3rd/boost_1_63_0/lib/libboost_container.a; sourceTree = "<group>"; };
		E37546801FE1555800CEA11C /* libboost_filesystem.a */ = {isa = PBXFileReference; lastKnownFileType = archive.ar; name = libboost_filesystem.a; path = ../../plan9/3rd/boost_1_63_0/lib/libboost_filesystem.a; sourceTree = "<group>"; };
		E37546811FE1555800CEA11C /* libboost_math_c99f.a */ = {isa = PBXFileReference; lastKnownFileType = archive.ar; name = libboost_math_c99f.a; path = ../../plan9/3rd/boost_1_63_0/lib/libboost_math_c99f.a; sourceTree = "<group>"; };
		E37546821FE1555800CEA11C /* libboost_signals.a */ = {isa = PBXFileReference; lastKnownFileType = archive.ar; name = libboost_signals.a; path = ../../plan9/3rd/boost_1_63_0/lib/libboost_signals.a; sourceTree = "<group>"; };
		E37546831FE1555800CEA11C /* libboost_math_c99l.a */ = {isa = PBXFileReference; lastKnownFileType = archive.ar; name = libboost_math_c99l.a; path = ../../plan9/3rd/boost_1_63_0/lib/libboost_math_c99l.a; sourceTree = "<group>"; };
		E37546841FE1555800CEA11C /* libboost_atomic.a */ = {isa = PBXFileReference; lastKnownFileType = archive.ar; name = libboost_atomic.a; path = ../../plan9/3rd/boost_1_63_0/lib/libboost_atomic.a; sourceTree = "<group>"; };
		E37546851FE1555800CEA11C /* libboost_graph.a */ = {isa = PBXFileReference; lastKnownFileType = archive.ar; name = libboost_graph.a; path = ../../plan9/3rd/boost_1_63_0/lib/libboost_graph.a; sourceTree = "<group>"; };
		E37546861FE1555800CEA11C /* libboost_numpy.a */ = {isa = PBXFileReference; lastKnownFileType = archive.ar; name = libboost_numpy.a; path = ../../plan9/3rd/boost_1_63_0/lib/libboost_numpy.a; sourceTree = "<group>"; };
		E37546871FE1555800CEA11C /* libboost_prg_exec_monitor.a */ = {isa = PBXFileReference; lastKnownFileType = archive.ar; name = libboost_prg_exec_monitor.a; path = ../../plan9/3rd/boost_1_63_0/lib/libboost_prg_exec_monitor.a; sourceTree = "<group>"; };
		E37546881FE1555800CEA11C /* libboost_wave.a */ = {isa = PBXFileReference; lastKnownFileType = archive.ar; name = libboost_wave.a; path = ../../plan9/3rd/boost_1_63_0/lib/libboost_wave.a; sourceTree = "<group>"; };
		E37546891FE1555800CEA11C /* libboost_math_tr1.a */ = {isa = PBXFileReference; lastKnownFileType = archive.ar; name = libboost_math_tr1.a; path = ../../plan9/3rd/boost_1_63_0/lib/libboost_math_tr1.a; sourceTree = "<group>"; };
		E375468A1FE1555800CEA11C /* libboost_serialization.a */ = {isa = PBXFileReference; lastKnownFileType = archive.ar; name = libboost_serialization.a; path = ../../plan9/3rd/boost_1_63_0/lib/libboost_serialization.a; sourceTree = "<group>"; };
		E375468B1FE1555800CEA11C /* libboost_timer.a */ = {isa = PBXFileReference; lastKnownFileType = archive.ar; name = libboost_timer.a; path = ../../plan9/3rd/boost_1_63_0/lib/libboost_timer.a; sourceTree = "<group>"; };
		E375468C1FE1555800CEA11C /* libboost_log_setup.a */ = {isa = PBXFileReference; lastKnownFileType = archive.ar; name = libboost_log_setup.a; path = ../../plan9/3rd/boost_1_63_0/lib/libboost_log_setup.a; sourceTree = "<group>"; };
		E375468D1FE1555800CEA11C /* libboost_coroutine.a */ = {isa = PBXFileReference; lastKnownFileType = archive.ar; name = libboost_coroutine.a; path = ../../plan9/3rd/boost_1_63_0/lib/libboost_coroutine.a; sourceTree = "<group>"; };
		E375468E1FE1555800CEA11C /* libboost_exception.a */ = {isa = PBXFileReference; lastKnownFileType = archive.ar; name = libboost_exception.a; path = ../../plan9/3rd/boost_1_63_0/lib/libboost_exception.a; sourceTree = "<group>"; };
		E375468F1FE1555800CEA11C /* libboost_math_tr1l.a */ = {isa = PBXFileReference; lastKnownFileType = archive.ar; name = libboost_math_tr1l.a; path = ../../plan9/3rd/boost_1_63_0/lib/libboost_math_tr1l.a; sourceTree = "<group>"; };
		E37546901FE1555800CEA11C /* libboost_test_exec_monitor.a */ = {isa = PBXFileReference; lastKnownFileType = archive.ar; name = libboost_test_exec_monitor.a; path = ../../plan9/3rd/boost_1_63_0/lib/libboost_test_exec_monitor.a; sourceTree = "<group>"; };
		E37546911FE1555800CEA11C /* libboost_unit_test_framework.a */ = {isa = PBXFileReference; lastKnownFileType = archive.ar; name = libboost_unit_test_framework.a; path = ../../plan9/3rd/boost_1_63_0/lib/libboost_unit_test_framework.a; sourceTree = "<group>"; };
		E37546921FE1555800CEA11C /* libboost_chrono.a */ = {isa = PBXFileReference; lastKnownFileType = archive.ar; name = libboost_chrono.a; path = ../../plan9/3rd/boost_1_63_0/lib/libboost_chrono.a; sourceTree = "<group>"; };
		E37546931FE1555800CEA11C /* libboost_date_time.a */ = {isa = PBXFileReference; lastKnownFileType = archive.ar; name = libboost_date_time.a; path = ../../plan9/3rd/boost_1_63_0/lib/libboost_date_time.a; sourceTree = "<group>"; };
		E37546941FE1555800CEA11C /* libboost_python.a */ = {isa = PBXFileReference; lastKnownFileType = archive.ar; name = libboost_python.a; path = ../../plan9/3rd/boost_1_63_0/lib/libboost_python.a; sourceTree = "<group>"; };
		E37546951FE1555800CEA11C /* libboost_random.a */ = {isa = PBXFileReference; lastKnownFileType = archive.ar; name = libboost_random.a; path = ../../plan9/3rd/boost_1_63_0/lib/libboost_random.a; sourceTree = "<group>"; };
		E37546961FE1555800CEA11C /* libboost_iostreams.a */ = {isa = PBXFileReference; lastKnownFileType = archive.ar; name = libboost_iostreams.a; path = ../../plan9/3rd/boost_1_63_0/lib/libboost_iostreams.a; sourceTree = "<group>"; };
		E37546971FE1555800CEA11C /* libboost_program_options.a */ = {isa = PBXFileReference; lastKnownFileType = archive.ar; name = libboost_program_options.a; path = ../../plan9/3rd/boost_1_63_0/lib/libboost_program_options.a; sourceTree = "<group>"; };
		E37546981FE1555800CEA11C /* libboost_regex.a */ = {isa = PBXFileReference; lastKnownFileType = archive.ar; name = libboost_regex.a; path = ../../plan9/3rd/boost_1_63_0/lib/libboost_regex.a; sourceTree = "<group>"; };
		E37546991FE1555800CEA11C /* libboost_log.a */ = {isa = PBXFileReference; lastKnownFileType = archive.ar; name = libboost_log.a; path = ../../plan9/3rd/boost_1_63_0/lib/libboost_log.a; sourceTree = "<group>"; };
		E375469A1FE1555800CEA11C /* libboost_thread.a */ = {isa = PBXFileReference; lastKnownFileType = archive.ar; name = libboost_thread.a; path = ../../plan9/3rd/boost_1_63_0/lib/libboost_thread.a; sourceTree = "<group>"; };
		E375469B1FE1555800CEA11C /* libboost_math_tr1f.a */ = {isa = PBXFileReference; lastKnownFileType = archive.ar; name = libboost_math_tr1f.a; path = ../../plan9/3rd/boost_1_63_0/lib/libboost_math_tr1f.a; sourceTree = "<group>"; };
		E375469C1FE1555800CEA11C /* libboost_type_erasure.a */ = {isa = PBXFileReference; lastKnownFileType = archive.ar; name = libboost_type_erasure.a; path = ../../plan9/3rd/boost_1_63_0/lib/libboost_type_erasure.a; sourceTree = "<group>"; };
		E375469D1FE1555800CEA11C /* libboost_context.a */ = {isa = PBXFileReference; lastKnownFileType = archive.ar; name = libboost_context.a; path = ../../plan9/3rd/boost_1_63_0/lib/libboost_context.a; sourceTree = "<group>"; };
		E375469E1FE1555800CEA11C /* libboost_locale.a */ = {isa = PBXFileReference; lastKnownFileType = archive.ar; name = libboost_locale.a; path = ../../plan9/3rd/boost_1_63_0/lib/libboost_locale.a; sourceTree = "<group>"; };
		E385F3F71F973D5B00E26281 /* anet.app */ = {isa = PBXFileReference; explicitFileType = wrapper.application; includeInIndex = 0; path = anet.app; sourceTree = BUILT_PRODUCTS_DIR; };
		E385F3FA1F973D5B00E26281 /* AppDelegate.h */ = {isa = PBXFileReference; lastKnownFileType = sourcecode.c.h; path = AppDelegate.h; sourceTree = "<group>"; };
		E385F3FB1F973D5B00E26281 /* AppDelegate.m */ = {isa = PBXFileReference; lastKnownFileType = sourcecode.c.objc; path = AppDelegate.m; sourceTree = "<group>"; };
		E385F3FD1F973D5B00E26281 /* ViewController.h */ = {isa = PBXFileReference; lastKnownFileType = sourcecode.c.h; path = ViewController.h; sourceTree = "<group>"; };
		E385F3FE1F973D5B00E26281 /* ViewController.mm */ = {isa = PBXFileReference; lastKnownFileType = sourcecode.cpp.objcpp; path = ViewController.mm; sourceTree = "<group>"; };
		E385F4001F973D5B00E26281 /* Assets.xcassets */ = {isa = PBXFileReference; lastKnownFileType = folder.assetcatalog; path = Assets.xcassets; sourceTree = "<group>"; };
		E385F4031F973D5B00E26281 /* Base */ = {isa = PBXFileReference; lastKnownFileType = file.storyboard; name = Base; path = Base.lproj/Main.storyboard; sourceTree = "<group>"; };
		E385F4051F973D5B00E26281 /* Info.plist */ = {isa = PBXFileReference; lastKnownFileType = text.plist.xml; path = Info.plist; sourceTree = "<group>"; };
		E385F4061F973D5B00E26281 /* main.m */ = {isa = PBXFileReference; lastKnownFileType = sourcecode.c.objc; path = main.m; sourceTree = "<group>"; };
		E385F4081F973D5B00E26281 /* anet.entitlements */ = {isa = PBXFileReference; lastKnownFileType = text.plist.entitlements; path = anet.entitlements; sourceTree = "<group>"; };
		E385F4E71F97407200E26281 /* uv-posix.h */ = {isa = PBXFileReference; lastKnownFileType = sourcecode.c.h; path = "uv-posix.h"; sourceTree = "<group>"; };
		E385F4E81F97407200E26281 /* uv-unix.h */ = {isa = PBXFileReference; lastKnownFileType = sourcecode.c.h; path = "uv-unix.h"; sourceTree = "<group>"; };
		E385F4E91F97407200E26281 /* uv-threadpool.h */ = {isa = PBXFileReference; lastKnownFileType = sourcecode.c.h; path = "uv-threadpool.h"; sourceTree = "<group>"; };
		E385F4EA1F97407200E26281 /* uv.h */ = {isa = PBXFileReference; lastKnownFileType = sourcecode.c.h; path = uv.h; sourceTree = "<group>"; };
		E385F4EB1F97407200E26281 /* uv-win.h */ = {isa = PBXFileReference; lastKnownFileType = sourcecode.c.h; path = "uv-win.h"; sourceTree = "<group>"; };
		E385F4EC1F97407200E26281 /* uv-aix.h */ = {isa = PBXFileReference; lastKnownFileType = sourcecode.c.h; path = "uv-aix.h"; sourceTree = "<group>"; };
		E385F4ED1F97407200E26281 /* uv-errno.h */ = {isa = PBXFileReference; lastKnownFileType = sourcecode.c.h; path = "uv-errno.h"; sourceTree = "<group>"; };
		E385F4EE1F97407200E26281 /* tree.h */ = {isa = PBXFileReference; lastKnownFileType = sourcecode.c.h; path = tree.h; sourceTree = "<group>"; };
		E385F4EF1F97407200E26281 /* uv-os390.h */ = {isa = PBXFileReference; lastKnownFileType = sourcecode.c.h; path = "uv-os390.h"; sourceTree = "<group>"; };
		E385F4F01F97407200E26281 /* uv-sunos.h */ = {isa = PBXFileReference; lastKnownFileType = sourcecode.c.h; path = "uv-sunos.h"; sourceTree = "<group>"; };
		E385F4F11F97407200E26281 /* android-ifaddrs.h */ = {isa = PBXFileReference; lastKnownFileType = sourcecode.c.h; path = "android-ifaddrs.h"; sourceTree = "<group>"; };
		E385F4F21F97407200E26281 /* uv-version.h */ = {isa = PBXFileReference; lastKnownFileType = sourcecode.c.h; path = "uv-version.h"; sourceTree = "<group>"; };
		E385F4F31F97407200E26281 /* uv-darwin.h */ = {isa = PBXFileReference; lastKnownFileType = sourcecode.c.h; path = "uv-darwin.h"; sourceTree = "<group>"; };
		E385F4F41F97407200E26281 /* uv-bsd.h */ = {isa = PBXFileReference; lastKnownFileType = sourcecode.c.h; path = "uv-bsd.h"; sourceTree = "<group>"; };
		E385F4F51F97407200E26281 /* stdint-msvc2008.h */ = {isa = PBXFileReference; lastKnownFileType = sourcecode.c.h; path = "stdint-msvc2008.h"; sourceTree = "<group>"; };
		E385F4F61F97407200E26281 /* uv-linux.h */ = {isa = PBXFileReference; lastKnownFileType = sourcecode.c.h; path = "uv-linux.h"; sourceTree = "<group>"; };
		E385F4F71F97407200E26281 /* pthread-barrier.h */ = {isa = PBXFileReference; lastKnownFileType = sourcecode.c.h; path = "pthread-barrier.h"; sourceTree = "<group>"; };
		E385F4F81F97407200E26281 /* libuv.a */ = {isa = PBXFileReference; lastKnownFileType = archive.ar; path = libuv.a; sourceTree = "<group>"; };
		E385F4FB1F97407200E26281 /* uv-posix.h */ = {isa = PBXFileReference; lastKnownFileType = sourcecode.c.h; path = "uv-posix.h"; sourceTree = "<group>"; };
		E385F4FC1F97407200E26281 /* uv-unix.h */ = {isa = PBXFileReference; lastKnownFileType = sourcecode.c.h; path = "uv-unix.h"; sourceTree = "<group>"; };
		E385F4FD1F97407200E26281 /* uv-threadpool.h */ = {isa = PBXFileReference; lastKnownFileType = sourcecode.c.h; path = "uv-threadpool.h"; sourceTree = "<group>"; };
		E385F4FE1F97407200E26281 /* uv.h */ = {isa = PBXFileReference; lastKnownFileType = sourcecode.c.h; path = uv.h; sourceTree = "<group>"; };
		E385F4FF1F97407200E26281 /* uv-win.h */ = {isa = PBXFileReference; lastKnownFileType = sourcecode.c.h; path = "uv-win.h"; sourceTree = "<group>"; };
		E385F5001F97407200E26281 /* uv-aix.h */ = {isa = PBXFileReference; lastKnownFileType = sourcecode.c.h; path = "uv-aix.h"; sourceTree = "<group>"; };
		E385F5011F97407200E26281 /* uv-errno.h */ = {isa = PBXFileReference; lastKnownFileType = sourcecode.c.h; path = "uv-errno.h"; sourceTree = "<group>"; };
		E385F5021F97407200E26281 /* tree.h */ = {isa = PBXFileReference; lastKnownFileType = sourcecode.c.h; path = tree.h; sourceTree = "<group>"; };
		E385F5031F97407200E26281 /* uv-os390.h */ = {isa = PBXFileReference; lastKnownFileType = sourcecode.c.h; path = "uv-os390.h"; sourceTree = "<group>"; };
		E385F5041F97407200E26281 /* uv-sunos.h */ = {isa = PBXFileReference; lastKnownFileType = sourcecode.c.h; path = "uv-sunos.h"; sourceTree = "<group>"; };
		E385F5051F97407200E26281 /* android-ifaddrs.h */ = {isa = PBXFileReference; lastKnownFileType = sourcecode.c.h; path = "android-ifaddrs.h"; sourceTree = "<group>"; };
		E385F5061F97407200E26281 /* uv-version.h */ = {isa = PBXFileReference; lastKnownFileType = sourcecode.c.h; path = "uv-version.h"; sourceTree = "<group>"; };
		E385F5071F97407200E26281 /* uv-darwin.h */ = {isa = PBXFileReference; lastKnownFileType = sourcecode.c.h; path = "uv-darwin.h"; sourceTree = "<group>"; };
		E385F5081F97407200E26281 /* uv-bsd.h */ = {isa = PBXFileReference; lastKnownFileType = sourcecode.c.h; path = "uv-bsd.h"; sourceTree = "<group>"; };
		E385F5091F97407200E26281 /* stdint-msvc2008.h */ = {isa = PBXFileReference; lastKnownFileType = sourcecode.c.h; path = "stdint-msvc2008.h"; sourceTree = "<group>"; };
		E385F50A1F97407200E26281 /* uv-linux.h */ = {isa = PBXFileReference; lastKnownFileType = sourcecode.c.h; path = "uv-linux.h"; sourceTree = "<group>"; };
		E385F50B1F97407200E26281 /* pthread-barrier.h */ = {isa = PBXFileReference; lastKnownFileType = sourcecode.c.h; path = "pthread-barrier.h"; sourceTree = "<group>"; };
		E3CB49E51FD4579E001EAE67 /* libcpprest.dylib */ = {isa = PBXFileReference; lastKnownFileType = "compiled.mach-o.dylib"; name = libcpprest.dylib; path = anet/lib/libcpprest.dylib; sourceTree = "<group>"; };
/* End PBXFileReference section */

/* Begin PBXFrameworksBuildPhase section */
		E385F3F41F973D5B00E26281 /* Frameworks */ = {
			isa = PBXFrameworksBuildPhase;
			buildActionMask = 2147483647;
			files = (
				E35C8AEF2020718A00676FC4 /* libssl.a in Frameworks */,
				E35C8AF02020718A00676FC4 /* libcrypto.a in Frameworks */,
				E35C8AF12020718A00676FC4 /* libuv.a in Frameworks */,
			);
			runOnlyForDeploymentPostprocessing = 0;
		};
/* End PBXFrameworksBuildPhase section */

/* Begin PBXGroup section */
		6135E004916149F488CD8B81 /* icmp */ = {
			isa = PBXGroup;
			children = (
				6135E8F90876AD42F14334A5 /* ping.cpp */,
				6135E19805D06F86E3BE3ABD /* ping.h */,
			);
			path = icmp;
			sourceTree = "<group>";
		};
		6135E0C4D790E08EC72A2F1E /* traits */ = {
			isa = PBXGroup;
			children = (
				6135EC98B84A031F0D4CEE86 /* traits.h */,
			);
			path = traits;
			sourceTree = "<group>";
		};
		6135E0C7DFAF2EC52830A441 /* libuv */ = {
			isa = PBXGroup;
			children = (
				6135E4936EC7A1EFE4EF9B63 /* include */,
			);
			path = libuv;
			sourceTree = "<group>";
		};
		6135E4936EC7A1EFE4EF9B63 /* include */ = {
			isa = PBXGroup;
			children = (
				6135EF0FE20557F8D22C40D7 /* uv-posix.h */,
				6135EB4063655203422989D3 /* uv-unix.h */,
				6135E18A578CDFBE666FDC44 /* uv-threadpool.h */,
				6135E34B4C2DF93292FA261E /* uv.h */,
				6135EE4F27DC51E06988B3CA /* uv-win.h */,
				6135ED6505ED632702FF1069 /* uv-aix.h */,
				6135E1E76EDF7DA4A3C46025 /* uv-errno.h */,
				6135E0A13819ECF4ADBF3026 /* tree.h */,
				6135E1F31C03C749C52DDB1F /* uv-os390.h */,
				6135EA9FF30C8AC80CE228B0 /* uv-sunos.h */,
				6135E7C79A9FA933F2B1015E /* android-ifaddrs.h */,
				6135E69958027FC48A2245D4 /* uv-version.h */,
				6135ED7DE90A4511432CAC44 /* uv-darwin.h */,
				6135E8A1FF67BD7F03564A37 /* uv-bsd.h */,
				6135EEA1A0B2EE5A709F017F /* stdint-msvc2008.h */,
				6135E47FAA5C58822208F35D /* uv-linux.h */,
				6135EDDF7A9EA9B78C06C1D2 /* pthread-barrier.h */,
			);
			path = include;
			sourceTree = "<group>";
		};
		6135E5950872D26D13428DB6 /* proxy */ = {
			isa = PBXGroup;
			children = (
				6135EA06C47F575C22D03417 /* local_proxy.cpp */,
				6135E0E434BDB7B498A544AA /* local_proxy.h */,
			);
			path = proxy;
			sourceTree = "<group>";
		};
		6135E68B5760C4E003409613 /* ssl */ = {
			isa = PBXGroup;
			children = (
				6135E614621400B6DED36667 /* ssl_shake.cpp */,
				6135E28495D9F8825FF7FDC5 /* ssl_shake.h */,
			);
			path = ssl;
			sourceTree = "<group>";
		};
		6135E6A5AD78955D09E58427 /* common */ = {
			isa = PBXGroup;
			children = (
				6135E5B23DF793728FF8C884 /* common_callback.cpp */,
				6135E5BC748BC3C27D073237 /* common_callback.hpp */,
				6135EA5EF5704B44FE480900 /* string_parser.cpp */,
				6135E4C508933350D41AF99C /* string_parser.hpp */,
				6135E308A0536DE703242275 /* tri_bool.h */,
				6135E22292379A0379389C53 /* case_insensitive_map.cpp */,
				6135E90ACC0D741DCFA21BA2 /* case_insensitive_map.h */,
				6135E49D0B23C78A91DF46EA /* char_array.cpp */,
				6135EEEA958591E55ED08EC5 /* char_array.h */,
				6135ED3D8241EC7D03CFC033 /* common_callback_err_wrapper.h */,
			);
			path = common;
			sourceTree = "<group>";
		};
		6135E6DC9437B59757AD8B67 /* error */ = {
			isa = PBXGroup;
			children = (
				6135E249C7C97F5AFFD1D041 /* err.cpp */,
				6135E70DF26F644626BE2741 /* err.h */,
			);
			path = error;
			sourceTree = "<group>";
		};
		6135EA1A5602C714AD286051 /* uvwrapper */ = {
			isa = PBXGroup;
			children = (
				6135EC24207771F8A588E1A7 /* uv_wrapper.cpp */,
				6135EDE57E72809485BFA654 /* uv_wrapper.hpp */,
			);
			path = uvwrapper;
			sourceTree = "<group>";
		};
		6135EB651DDB1D0C01DB7FDE /* zlib */ = {
			isa = PBXGroup;
			children = (
				6135E3AC8FF44CE69B6171F5 /* zutil.h */,
				6135E9F78DA32F4711760C76 /* inftrees.h */,
				6135EE4994A8B19122AB6B6D /* inflate.c */,
				6135E73A9399468DC953FDA9 /* zlib.3.pdf */,
				6135EC5ECD715781DD1A95C6 /* compress.c */,
				6135E9168C1F8F727C38A2D3 /* deflate.c */,
				6135EC17305FA84063FF7846 /* inffixed.h */,
				6135EC3C554E4E61621624B0 /* trees.h */,
				6135E70C7D65FF202D01F7F1 /* inffast.h */,
				6135E2F805E3A125399D902C /* crc32.c */,
				6135EBBB58ABD03813ADD962 /* infback.c */,
				6135E1080CAD0EBC7579F1FB /* zutil.c */,
				6135EB4DE0C124E5C9CC1023 /* deflate.h */,
				6135E569526F5283FC61A372 /* zlib.h */,
				6135EC3A8CDFEC8EA673BD4C /* inflate.h */,
				6135EC0474124F12C0C8250E /* inftrees.c */,
				6135E7B61D407B3A68DEFDBF /* uncompr.c */,
				6135E1CEABCFC86B40D9561C /* trees.c */,
				6135E446D15E53D9CFD266AF /* crc32.h */,
				6135E7FC24274F97C3677DB8 /* inffast.c */,
				6135ECCDA384D098AFDEE996 /* adler32.c */,
				6135EBB3503DE10470554505 /* zconf.h */,
				6135E8F538475A8DA976F7C8 /* zlib_wrap.cpp */,
				6135EF19D7E3B5D3A6981368 /* zlib_wrap.hpp */,
			);
			path = zlib;
			sourceTree = "<group>";
		};
		6135EBC7D8CCEE914488AD6A /* log */ = {
			isa = PBXGroup;
			children = (
				6135EC1B25AAC197290954FC /* log.cpp */,
				6135E4131715A56FF1D1CD3D /* log.h */,
			);
			path = log;
			sourceTree = "<group>";
		};
		6135EC8A80B2038962A1EC66 /* cert */ = {
			isa = PBXGroup;
			children = (
				6135E1280430BD9721D73900 /* cert.cpp */,
				6135E7A10DD6ADA2BAAAAF24 /* cert.h */,
			);
			path = cert;
			sourceTree = "<group>";
		};
		6135ECF196C5E5BDA07A547B /* http */ = {
			isa = PBXGroup;
			children = (
				6135E63BA9AA1D63874FEED6 /* ahttp.cpp */,
				6135EA8D58B1AA26BC36F31B /* ahttp.hpp */,
				6135E9CDC49549AF592A812A /* ahttp1.cpp */,
				6135E9C91BF56195E759C089 /* ahttp1.h */,
			);
			path = http;
			sourceTree = "<group>";
		};
		6135EDD4E7A56111031ECBE1 /* state */ = {
			isa = PBXGroup;
			children = (
				6135E6FA686727CA6DC09FB7 /* state_machine.cpp */,
				6135ECED39D134C4CFAAE3DB /* state_machine.h */,
			);
			path = state;
			sourceTree = "<group>";
		};
		E385F3EE1F973D5B00E26281 = {
			isa = PBXGroup;
			children = (
				E385F3F91F973D5B00E26281 /* anet */,
				E385F3F81F973D5B00E26281 /* Products */,
				E385F4E31F97407200E26281 /* Frameworks */,
			);
			sourceTree = "<group>";
		};
		E385F3F81F973D5B00E26281 /* Products */ = {
			isa = PBXGroup;
			children = (
				E385F3F71F973D5B00E26281 /* anet.app */,
			);
			name = Products;
			sourceTree = "<group>";
		};
		E385F3F91F973D5B00E26281 /* anet */ = {
			isa = PBXGroup;
			children = (
				E385F40F1F973D8800E26281 /* network */,
				E385F3FA1F973D5B00E26281 /* AppDelegate.h */,
				E385F3FB1F973D5B00E26281 /* AppDelegate.m */,
				E385F3FD1F973D5B00E26281 /* ViewController.h */,
				E385F3FE1F973D5B00E26281 /* ViewController.mm */,
				E385F4001F973D5B00E26281 /* Assets.xcassets */,
				E385F4021F973D5B00E26281 /* Main.storyboard */,
				E385F4051F973D5B00E26281 /* Info.plist */,
				E385F4061F973D5B00E26281 /* main.m */,
				E385F4081F973D5B00E26281 /* anet.entitlements */,
				6135EC8A80B2038962A1EC66 /* cert */,
				6135E6A5AD78955D09E58427 /* common */,
				6135E6DC9437B59757AD8B67 /* error */,
				6135E0C7DFAF2EC52830A441 /* libuv */,
				6135EBC7D8CCEE914488AD6A /* log */,
				6135E5950872D26D13428DB6 /* proxy */,
				6135E68B5760C4E003409613 /* ssl */,
				6135EDD4E7A56111031ECBE1 /* state */,
				6135E0C4D790E08EC72A2F1E /* traits */,
				6135EB651DDB1D0C01DB7FDE /* zlib */,
				6135EA1A5602C714AD286051 /* uvwrapper */,
			);
			path = anet;
			sourceTree = "<group>";
		};
		E385F40F1F973D8800E26281 /* network */ = {
			isa = PBXGroup;
			children = (
				6135ECF196C5E5BDA07A547B /* http */,
				6135E004916149F488CD8B81 /* icmp */,
			);
			path = network;
			sourceTree = "<group>";
		};
		E385F4E31F97407200E26281 /* Frameworks */ = {
			isa = PBXGroup;
			children = (
				E35C8AED2020718A00676FC4 /* libcrypto.a */,
				E35C8AEC2020718A00676FC4 /* libssl.a */,
				E35C8AEE2020718A00676FC4 /* libuv.a */,
				E37546841FE1555800CEA11C /* libboost_atomic.a */,
				E37546921FE1555800CEA11C /* libboost_chrono.a */,
				E375467F1FE1555700CEA11C /* libboost_container.a */,
				E375469D1FE1555800CEA11C /* libboost_context.a */,
				E375468D1FE1555800CEA11C /* libboost_coroutine.a */,
				E37546931FE1555800CEA11C /* libboost_date_time.a */,
				E375468E1FE1555800CEA11C /* libboost_exception.a */,
				E37546801FE1555800CEA11C /* libboost_filesystem.a */,
				E37546851FE1555800CEA11C /* libboost_graph.a */,
				E37546961FE1555800CEA11C /* libboost_iostreams.a */,
				E375469E1FE1555800CEA11C /* libboost_locale.a */,
				E375468C1FE1555800CEA11C /* libboost_log_setup.a */,
				E37546991FE1555800CEA11C /* libboost_log.a */,
				E375467E1FE1555700CEA11C /* libboost_math_c99.a */,
				E37546811FE1555800CEA11C /* libboost_math_c99f.a */,
				E37546831FE1555800CEA11C /* libboost_math_c99l.a */,
				E37546891FE1555800CEA11C /* libboost_math_tr1.a */,
				E375469B1FE1555800CEA11C /* libboost_math_tr1f.a */,
				E375468F1FE1555800CEA11C /* libboost_math_tr1l.a */,
				E37546861FE1555800CEA11C /* libboost_numpy.a */,
				E37546871FE1555800CEA11C /* libboost_prg_exec_monitor.a */,
				E37546971FE1555800CEA11C /* libboost_program_options.a */,
				E37546941FE1555800CEA11C /* libboost_python.a */,
				E37546951FE1555800CEA11C /* libboost_random.a */,
				E37546981FE1555800CEA11C /* libboost_regex.a */,
				E375468A1FE1555800CEA11C /* libboost_serialization.a */,
				E37546821FE1555800CEA11C /* libboost_signals.a */,
				E37546901FE1555800CEA11C /* libboost_test_exec_monitor.a */,
				E375469A1FE1555800CEA11C /* libboost_thread.a */,
				E375468B1FE1555800CEA11C /* libboost_timer.a */,
				E375469C1FE1555800CEA11C /* libboost_type_erasure.a */,
				E37546911FE1555800CEA11C /* libboost_unit_test_framework.a */,
				E37546881FE1555800CEA11C /* libboost_wave.a */,
				E375467D1FE1555700CEA11C /* libboost_wserialization.a */,
				E375467B1FE152F100CEA11C /* libboost_system.a */,
				E37546771FE152BE00CEA11C /* libcrypto.a */,
				E37546781FE152BE00CEA11C /* libssl.a */,
				E3CB49E51FD4579E001EAE67 /* libcpprest.dylib */,
				E385F4E41F97407200E26281 /* network */,
			);
			name = Frameworks;
			sourceTree = "<group>";
		};
		E385F4E41F97407200E26281 /* network */ = {
			isa = PBXGroup;
			children = (
				E385F4E51F97407200E26281 /* libuv */,
				E385F4F91F97407200E26281 /* tcp */,
				E385F50C1F97407200E26281 /* http */,
				E385F50D1F97407200E26281 /* uvwrapper */,
			);
			name = network;
			path = anet/network;
			sourceTree = "<group>";
		};
		E385F4E51F97407200E26281 /* libuv */ = {
			isa = PBXGroup;
			children = (
				E385F4E61F97407200E26281 /* include */,
				E385F4F81F97407200E26281 /* libuv.a */,
			);
			name = libuv;
			path = ../libuv;
			sourceTree = "<group>";
		};
		E385F4E61F97407200E26281 /* include */ = {
			isa = PBXGroup;
			children = (
				E385F4E71F97407200E26281 /* uv-posix.h */,
				E385F4E81F97407200E26281 /* uv-unix.h */,
				E385F4E91F97407200E26281 /* uv-threadpool.h */,
				E385F4EA1F97407200E26281 /* uv.h */,
				E385F4EB1F97407200E26281 /* uv-win.h */,
				E385F4EC1F97407200E26281 /* uv-aix.h */,
				E385F4ED1F97407200E26281 /* uv-errno.h */,
				E385F4EE1F97407200E26281 /* tree.h */,
				E385F4EF1F97407200E26281 /* uv-os390.h */,
				E385F4F01F97407200E26281 /* uv-sunos.h */,
				E385F4F11F97407200E26281 /* android-ifaddrs.h */,
				E385F4F21F97407200E26281 /* uv-version.h */,
				E385F4F31F97407200E26281 /* uv-darwin.h */,
				E385F4F41F97407200E26281 /* uv-bsd.h */,
				E385F4F51F97407200E26281 /* stdint-msvc2008.h */,
				E385F4F61F97407200E26281 /* uv-linux.h */,
				E385F4F71F97407200E26281 /* pthread-barrier.h */,
			);
			path = include;
			sourceTree = "<group>";
		};
		E385F4F91F97407200E26281 /* tcp */ = {
			isa = PBXGroup;
			children = (
				E385F4FA1F97407200E26281 /* include */,
			);
			path = tcp;
			sourceTree = "<group>";
		};
		E385F4FA1F97407200E26281 /* include */ = {
			isa = PBXGroup;
			children = (
				E385F4FB1F97407200E26281 /* uv-posix.h */,
				E385F4FC1F97407200E26281 /* uv-unix.h */,
				E385F4FD1F97407200E26281 /* uv-threadpool.h */,
				E385F4FE1F97407200E26281 /* uv.h */,
				E385F4FF1F97407200E26281 /* uv-win.h */,
				E385F5001F97407200E26281 /* uv-aix.h */,
				E385F5011F97407200E26281 /* uv-errno.h */,
				E385F5021F97407200E26281 /* tree.h */,
				E385F5031F97407200E26281 /* uv-os390.h */,
				E385F5041F97407200E26281 /* uv-sunos.h */,
				E385F5051F97407200E26281 /* android-ifaddrs.h */,
				E385F5061F97407200E26281 /* uv-version.h */,
				E385F5071F97407200E26281 /* uv-darwin.h */,
				E385F5081F97407200E26281 /* uv-bsd.h */,
				E385F5091F97407200E26281 /* stdint-msvc2008.h */,
				E385F50A1F97407200E26281 /* uv-linux.h */,
				E385F50B1F97407200E26281 /* pthread-barrier.h */,
			);
			path = include;
			sourceTree = "<group>";
		};
		E385F50C1F97407200E26281 /* http */ = {
			isa = PBXGroup;
			children = (
			);
			path = http;
			sourceTree = "<group>";
		};
		E385F50D1F97407200E26281 /* uvwrapper */ = {
			isa = PBXGroup;
			children = (
			);
			name = uvwrapper;
			path = ../uvwrapper;
			sourceTree = "<group>";
		};
/* End PBXGroup section */

/* Begin PBXNativeTarget section */
		E385F3F61F973D5B00E26281 /* anet */ = {
			isa = PBXNativeTarget;
			buildConfigurationList = E385F40B1F973D5B00E26281 /* Build configuration list for PBXNativeTarget "anet" */;
			buildPhases = (
				E385F3F31F973D5B00E26281 /* Sources */,
				E385F3F41F973D5B00E26281 /* Frameworks */,
				E385F3F51F973D5B00E26281 /* Resources */,
			);
			buildRules = (
			);
			dependencies = (
			);
			name = anet;
			productName = anet;
			productReference = E385F3F71F973D5B00E26281 /* anet.app */;
			productType = "com.apple.product-type.application";
		};
/* End PBXNativeTarget section */

/* Begin PBXProject section */
		E385F3EF1F973D5B00E26281 /* Project object */ = {
			isa = PBXProject;
			attributes = {
				LastUpgradeCheck = 0900;
				ORGANIZATIONNAME = "ke liu";
				TargetAttributes = {
					E385F3F61F973D5B00E26281 = {
						CreatedOnToolsVersion = 9.0.1;
						ProvisioningStyle = Automatic;
					};
				};
			};
			buildConfigurationList = E385F3F21F973D5B00E26281 /* Build configuration list for PBXProject "anet" */;
			compatibilityVersion = "Xcode 8.0";
			developmentRegion = en;
			hasScannedForEncodings = 0;
			knownRegions = (
				en,
				Base,
			);
			mainGroup = E385F3EE1F973D5B00E26281;
			productRefGroup = E385F3F81F973D5B00E26281 /* Products */;
			projectDirPath = "";
			projectRoot = "";
			targets = (
				E385F3F61F973D5B00E26281 /* anet */,
			);
		};
/* End PBXProject section */

/* Begin PBXResourcesBuildPhase section */
		E385F3F51F973D5B00E26281 /* Resources */ = {
			isa = PBXResourcesBuildPhase;
			buildActionMask = 2147483647;
			files = (
				E385F4011F973D5B00E26281 /* Assets.xcassets in Resources */,
				E385F4041F973D5B00E26281 /* Main.storyboard in Resources */,
				6135E8C3501E21C950CDE95C /* zlib.3.pdf in Resources */,
			);
			runOnlyForDeploymentPostprocessing = 0;
		};
/* End PBXResourcesBuildPhase section */

/* Begin PBXSourcesBuildPhase section */
		E385F3F31F973D5B00E26281 /* Sources */ = {
			isa = PBXSourcesBuildPhase;
			buildActionMask = 2147483647;
			files = (
				E385F3FF1F973D5B00E26281 /* ViewController.mm in Sources */,
				E385F4071F973D5B00E26281 /* main.m in Sources */,
				E385F3FC1F973D5B00E26281 /* AppDelegate.m in Sources */,
				6135EDE12B37C12757721F88 /* cert.cpp in Sources */,
				6135E937C3AD6532557D12AE /* common_callback.cpp in Sources */,
				6135EB0294E14FF80B7FCA65 /* string_parser.cpp in Sources */,
				6135E906A8CBEE93424CA5E8 /* case_insensitive_map.cpp in Sources */,
				6135E8EF00F6D9509EF512FF /* char_array.cpp in Sources */,
				6135EC9A75D7E1BBCD52CF9A /* err.cpp in Sources */,
				6135EB26638E389A9BED92D7 /* log.cpp in Sources */,
				6135E7CB7AD6C34128D8AA83 /* local_proxy.cpp in Sources */,
				6135E9D4A24C9AE1FFF65F2B /* ssl_shake.cpp in Sources */,
				6135E0704905495D79D4ACC6 /* state_machine.cpp in Sources */,
				6135EB6BE72841AE72CF4928 /* inflate.c in Sources */,
				6135E5B46511E098412FF379 /* compress.c in Sources */,
				6135EB9CCD604A58DABFE417 /* deflate.c in Sources */,
				6135EE7A2A200CFDB0C0FCAF /* crc32.c in Sources */,
				6135E2329F818430C4788913 /* infback.c in Sources */,
				6135E4C52B8D4B326D6A532F /* zutil.c in Sources */,
				6135E86C6F5D58B5ED0D7637 /* inftrees.c in Sources */,
				6135E5ADCC043618051FA3AE /* uncompr.c in Sources */,
				6135E8ACE1B4C502D1375629 /* trees.c in Sources */,
				6135E3AC9DDE68D54172359C /* inffast.c in Sources */,
				6135E38D218DD8B1284044D2 /* adler32.c in Sources */,
				6135EAD03B928A0749DCEB7A /* zlib_wrap.cpp in Sources */,
				6135E29F22CCC52E7AB1D00D /* ahttp.cpp in Sources */,
				6135ED3087CB8729C70BBE65 /* ping.cpp in Sources */,
				6135E807623AB896AE62D8A1 /* uv_wrapper.cpp in Sources */,
				6135E6A02E0B0067373D5FBF /* ahttp1.cpp in Sources */,
			);
			runOnlyForDeploymentPostprocessing = 0;
		};
/* End PBXSourcesBuildPhase section */

/* Begin PBXVariantGroup section */
		E385F4021F973D5B00E26281 /* Main.storyboard */ = {
			isa = PBXVariantGroup;
			children = (
				E385F4031F973D5B00E26281 /* Base */,
			);
			name = Main.storyboard;
			sourceTree = "<group>";
		};
/* End PBXVariantGroup section */

/* Begin XCBuildConfiguration section */
		E385F4091F973D5B00E26281 /* Debug */ = {
			isa = XCBuildConfiguration;
			buildSettings = {
				ALWAYS_SEARCH_USER_PATHS = NO;
				CLANG_ANALYZER_NONNULL = YES;
				CLANG_ANALYZER_NUMBER_OBJECT_CONVERSION = YES_AGGRESSIVE;
				CLANG_CXX_LANGUAGE_STANDARD = "gnu++14";
				CLANG_CXX_LIBRARY = "libc++";
				CLANG_ENABLE_MODULES = YES;
				CLANG_ENABLE_OBJC_ARC = YES;
				CLANG_WARN_BLOCK_CAPTURE_AUTORELEASING = YES;
				CLANG_WARN_BOOL_CONVERSION = YES;
				CLANG_WARN_COMMA = YES;
				CLANG_WARN_CONSTANT_CONVERSION = YES;
				CLANG_WARN_DIRECT_OBJC_ISA_USAGE = YES_ERROR;
				CLANG_WARN_DOCUMENTATION_COMMENTS = YES;
				CLANG_WARN_EMPTY_BODY = YES;
				CLANG_WARN_ENUM_CONVERSION = YES;
				CLANG_WARN_INFINITE_RECURSION = YES;
				CLANG_WARN_INT_CONVERSION = YES;
				CLANG_WARN_NON_LITERAL_NULL_CONVERSION = YES;
				CLANG_WARN_OBJC_LITERAL_CONVERSION = YES;
				CLANG_WARN_OBJC_ROOT_CLASS = YES_ERROR;
				CLANG_WARN_RANGE_LOOP_ANALYSIS = YES;
				CLANG_WARN_STRICT_PROTOTYPES = YES;
				CLANG_WARN_SUSPICIOUS_MOVE = YES;
				CLANG_WARN_UNGUARDED_AVAILABILITY = YES_AGGRESSIVE;
				CLANG_WARN_UNREACHABLE_CODE = YES;
				CLANG_WARN__DUPLICATE_METHOD_MATCH = YES;
				CODE_SIGN_IDENTITY = "-";
				COPY_PHASE_STRIP = NO;
				DEBUG_INFORMATION_FORMAT = dwarf;
				ENABLE_STRICT_OBJC_MSGSEND = YES;
				ENABLE_TESTABILITY = YES;
				GCC_C_LANGUAGE_STANDARD = gnu11;
				GCC_DYNAMIC_NO_PIC = NO;
				GCC_NO_COMMON_BLOCKS = YES;
				GCC_OPTIMIZATION_LEVEL = 0;
				GCC_PREPROCESSOR_DEFINITIONS = (
					"DEBUG=1",
					"$(inherited)",
				);
				GCC_WARN_64_TO_32_BIT_CONVERSION = YES;
				GCC_WARN_ABOUT_RETURN_TYPE = YES_ERROR;
				GCC_WARN_UNDECLARED_SELECTOR = YES;
				GCC_WARN_UNINITIALIZED_AUTOS = YES_AGGRESSIVE;
				GCC_WARN_UNUSED_FUNCTION = YES;
				GCC_WARN_UNUSED_VARIABLE = YES;
				MACOSX_DEPLOYMENT_TARGET = 10.13;
				MTL_ENABLE_DEBUG_INFO = YES;
				ONLY_ACTIVE_ARCH = YES;
				SDKROOT = macosx;
			};
			name = Debug;
		};
		E385F40A1F973D5B00E26281 /* Release */ = {
			isa = XCBuildConfiguration;
			buildSettings = {
				ALWAYS_SEARCH_USER_PATHS = NO;
				CLANG_ANALYZER_NONNULL = YES;
				CLANG_ANALYZER_NUMBER_OBJECT_CONVERSION = YES_AGGRESSIVE;
				CLANG_CXX_LANGUAGE_STANDARD = "gnu++14";
				CLANG_CXX_LIBRARY = "libc++";
				CLANG_ENABLE_MODULES = YES;
				CLANG_ENABLE_OBJC_ARC = YES;
				CLANG_WARN_BLOCK_CAPTURE_AUTORELEASING = YES;
				CLANG_WARN_BOOL_CONVERSION = YES;
				CLANG_WARN_COMMA = YES;
				CLANG_WARN_CONSTANT_CONVERSION = YES;
				CLANG_WARN_DIRECT_OBJC_ISA_USAGE = YES_ERROR;
				CLANG_WARN_DOCUMENTATION_COMMENTS = YES;
				CLANG_WARN_EMPTY_BODY = YES;
				CLANG_WARN_ENUM_CONVERSION = YES;
				CLANG_WARN_INFINITE_RECURSION = YES;
				CLANG_WARN_INT_CONVERSION = YES;
				CLANG_WARN_NON_LITERAL_NULL_CONVERSION = YES;
				CLANG_WARN_OBJC_LITERAL_CONVERSION = YES;
				CLANG_WARN_OBJC_ROOT_CLASS = YES_ERROR;
				CLANG_WARN_RANGE_LOOP_ANALYSIS = YES;
				CLANG_WARN_STRICT_PROTOTYPES = YES;
				CLANG_WARN_SUSPICIOUS_MOVE = YES;
				CLANG_WARN_UNGUARDED_AVAILABILITY = YES_AGGRESSIVE;
				CLANG_WARN_UNREACHABLE_CODE = YES;
				CLANG_WARN__DUPLICATE_METHOD_MATCH = YES;
				CODE_SIGN_IDENTITY = "-";
				COPY_PHASE_STRIP = NO;
				DEBUG_INFORMATION_FORMAT = "dwarf-with-dsym";
				ENABLE_NS_ASSERTIONS = NO;
				ENABLE_STRICT_OBJC_MSGSEND = YES;
				GCC_C_LANGUAGE_STANDARD = gnu11;
				GCC_NO_COMMON_BLOCKS = YES;
				GCC_WARN_64_TO_32_BIT_CONVERSION = YES;
				GCC_WARN_ABOUT_RETURN_TYPE = YES_ERROR;
				GCC_WARN_UNDECLARED_SELECTOR = YES;
				GCC_WARN_UNINITIALIZED_AUTOS = YES_AGGRESSIVE;
				GCC_WARN_UNUSED_FUNCTION = YES;
				GCC_WARN_UNUSED_VARIABLE = YES;
				MACOSX_DEPLOYMENT_TARGET = 10.13;
				MTL_ENABLE_DEBUG_INFO = NO;
				SDKROOT = macosx;
			};
			name = Release;
		};
		E385F40C1F973D5B00E26281 /* Debug */ = {
			isa = XCBuildConfiguration;
			buildSettings = {
				ASSETCATALOG_COMPILER_APPICON_NAME = AppIcon;
				CODE_SIGN_ENTITLEMENTS = anet/anet.entitlements;
				CODE_SIGN_STYLE = Automatic;
				COMBINE_HIDPI_IMAGES = YES;
				HEADER_SEARCH_PATHS = (
					/Users/keliu/workspace/plan9/3rd/boost_1_63_0,
					"$(PROJECT_DIR)/anet/",
					/usr/local/opt/openssl/include,
				);
				INFOPLIST_FILE = anet/Info.plist;
				LD_RUNPATH_SEARCH_PATHS = "$(inherited) @executable_path/../Frameworks";
				LIBRARY_SEARCH_PATHS = (
					"$(inherited)",
					"$(PROJECT_DIR)/anet/network/libuv",
					"$(PROJECT_DIR)/anet/cpprest/lib",
					"$(PROJECT_DIR)/anet/lib",
					/Users/keliu/workspace/plan9/3rd/boost_1_63_0/lib,
					/usr/local/opt/openssl/lib,
					/usr/local/Cellar/openssl/1.0.2m/lib,
				);
				PRODUCT_BUNDLE_IDENTIFIER = GZ.anet;
				PRODUCT_NAME = "$(TARGET_NAME)";
			};
			name = Debug;
		};
		E385F40D1F973D5B00E26281 /* Release */ = {
			isa = XCBuildConfiguration;
			buildSettings = {
				ASSETCATALOG_COMPILER_APPICON_NAME = AppIcon;
				CODE_SIGN_ENTITLEMENTS = anet/anet.entitlements;
				CODE_SIGN_STYLE = Automatic;
				COMBINE_HIDPI_IMAGES = YES;
				HEADER_SEARCH_PATHS = (
					/Users/keliu/workspace/plan9/3rd/boost_1_63_0,
					"$(PROJECT_DIR)/anet/",
					/usr/local/opt/openssl/include,
				);
				INFOPLIST_FILE = anet/Info.plist;
				LD_RUNPATH_SEARCH_PATHS = "$(inherited) @executable_path/../Frameworks";
				LIBRARY_SEARCH_PATHS = (
					"$(inherited)",
					"$(PROJECT_DIR)/anet/network/libuv",
					"$(PROJECT_DIR)/anet/cpprest/lib",
					"$(PROJECT_DIR)/anet/lib",
					/Users/keliu/workspace/plan9/3rd/boost_1_63_0/lib,
					/usr/local/opt/openssl/lib,
					/usr/local/Cellar/openssl/1.0.2m/lib,
				);
				PRODUCT_BUNDLE_IDENTIFIER = GZ.anet;
				PRODUCT_NAME = "$(TARGET_NAME)";
			};
			name = Release;
		};
/* End XCBuildConfiguration section */

/* Begin XCConfigurationList section */
		E385F3F21F973D5B00E26281 /* Build configuration list for PBXProject "anet" */ = {
			isa = XCConfigurationList;
			buildConfigurations = (
				E385F4091F973D5B00E26281 /* Debug */,
				E385F40A1F973D5B00E26281 /* Release */,
			);
			defaultConfigurationIsVisible = 0;
			defaultConfigurationName = Release;
		};
		E385F40B1F973D5B00E26281 /* Build configuration list for PBXNativeTarget "anet" */ = {
			isa = XCConfigurationList;
			buildConfigurations = (
				E385F40C1F973D5B00E26281 /* Debug */,
				E385F40D1F973D5B00E26281 /* Release */,
			);
			defaultConfigurationIsVisible = 0;
			defaultConfigurationName = Release;
		};
/* End XCConfigurationList section */
	};
	rootObject = E385F3EF1F973D5B00E26281 /* Project object */;
}
